// !$*UTF8*$!
{
	archiveVersion = 1;
	classes = {
	};
	objectVersion = 46;
	objects = {

/* Begin PBXBuildFile section */
		58B9C50116EC535B00891C19 /* UIKit.framework in Frameworks */ = {isa = PBXBuildFile; fileRef = 58B9C50016EC535B00891C19 /* UIKit.framework */; };
		58B9C50316EC535B00891C19 /* Foundation.framework in Frameworks */ = {isa = PBXBuildFile; fileRef = 58B9C50216EC535B00891C19 /* Foundation.framework */; };
		58B9C50516EC535B00891C19 /* CoreGraphics.framework in Frameworks */ = {isa = PBXBuildFile; fileRef = 58B9C50416EC535B00891C19 /* CoreGraphics.framework */; };
		58B9C58116EC59F100891C19 /* libsqlite3.dylib in Frameworks */ = {isa = PBXBuildFile; fileRef = 58B9C58016EC59F100891C19 /* libsqlite3.dylib */; };
		58B9C58316EC5A2000891C19 /* libxml2.dylib in Frameworks */ = {isa = PBXBuildFile; fileRef = 58B9C58216EC5A2000891C19 /* libxml2.dylib */; };
		58B9C58516EC5A2B00891C19 /* libz.dylib in Frameworks */ = {isa = PBXBuildFile; fileRef = 58B9C58416EC5A2B00891C19 /* libz.dylib */; };
		58B9C58716EC5ACD00891C19 /* Social.framework in Frameworks */ = {isa = PBXBuildFile; fileRef = 58B9C58616EC5ACD00891C19 /* Social.framework */; settings = {ATTRIBUTES = (Weak, ); }; };
		58B9C58916EC5AD500891C19 /* SystemConfiguration.framework in Frameworks */ = {isa = PBXBuildFile; fileRef = 58B9C58816EC5AD500891C19 /* SystemConfiguration.framework */; };
		58B9C58B16EC5ADB00891C19 /* AudioToolbox.framework in Frameworks */ = {isa = PBXBuildFile; fileRef = 58B9C58A16EC5ADB00891C19 /* AudioToolbox.framework */; };
		58B9C58D16EC5AE000891C19 /* AVFoundation.framework in Frameworks */ = {isa = PBXBuildFile; fileRef = 58B9C58C16EC5AE000891C19 /* AVFoundation.framework */; };
		58B9C58F16EC5AF600891C19 /* Accounts.framework in Frameworks */ = {isa = PBXBuildFile; fileRef = 58B9C58E16EC5AF600891C19 /* Accounts.framework */; settings = {ATTRIBUTES = (Weak, ); }; };
		58B9C59116EC5AFB00891C19 /* Security.framework in Frameworks */ = {isa = PBXBuildFile; fileRef = 58B9C59016EC5AFB00891C19 /* Security.framework */; };
		58B9C59316EC5B0300891C19 /* CFNetwork.framework in Frameworks */ = {isa = PBXBuildFile; fileRef = 58B9C59216EC5B0300891C19 /* CFNetwork.framework */; };
		58B9C59516EC5B0800891C19 /* OpenAL.framework in Frameworks */ = {isa = PBXBuildFile; fileRef = 58B9C59416EC5B0800891C19 /* OpenAL.framework */; };
		58B9C59716EC5B0C00891C19 /* QuartzCore.framework in Frameworks */ = {isa = PBXBuildFile; fileRef = 58B9C59616EC5B0C00891C19 /* QuartzCore.framework */; };
		58B9C59916EC5B1000891C19 /* OpenGLES.framework in Frameworks */ = {isa = PBXBuildFile; fileRef = 58B9C59816EC5B1000891C19 /* OpenGLES.framework */; };
		58B9C59D16EC5B5F00891C19 /* MessageUI.framework in Frameworks */ = {isa = PBXBuildFile; fileRef = 58B9C59C16EC5B5F00891C19 /* MessageUI.framework */; };
		58B9C5A316EC5E5000891C19 /* AdSupport.framework in Frameworks */ = {isa = PBXBuildFile; fileRef = 58B9C5A216EC5E5000891C19 /* AdSupport.framework */; settings = {ATTRIBUTES = (Weak, ); }; };
		E72AF8C31713967000BC1E04 /* AppDelegate.m in Sources */ = {isa = PBXBuildFile; fileRef = E72AF89C1713967000BC1E04 /* AppDelegate.m */; };
		E72AF8C41713967000BC1E04 /* back.mp3 in Resources */ = {isa = PBXBuildFile; fileRef = E72AF89D1713967000BC1E04 /* back.mp3 */; };
		E72AF8C51713967000BC1E04 /* button-50.mp3 in Resources */ = {isa = PBXBuildFile; fileRef = E72AF89E1713967000BC1E04 /* button-50.mp3 */; };
		E72AF8C61713967000BC1E04 /* close.png in Resources */ = {isa = PBXBuildFile; fileRef = E72AF89F1713967000BC1E04 /* close.png */; };
		E72AF8C71713967000BC1E04 /* Server.m in Sources */ = {isa = PBXBuildFile; fileRef = E72AF8A31713967000BC1E04 /* Server.m */; };
		E72AF8C81713967000BC1E04 /* createaccount.m in Sources */ = {isa = PBXBuildFile; fileRef = E72AF8A51713967000BC1E04 /* createaccount.m */; };
		E72AF8C91713967000BC1E04 /* createaccount~ipad.xib in Resources */ = {isa = PBXBuildFile; fileRef = E72AF8A61713967000BC1E04 /* createaccount~ipad.xib */; };
		E72AF8CA1713967000BC1E04 /* Default-568h@2x.png in Resources */ = {isa = PBXBuildFile; fileRef = E72AF8A71713967000BC1E04 /* Default-568h@2x.png */; };
		E72AF8CB1713967000BC1E04 /* Default.png in Resources */ = {isa = PBXBuildFile; fileRef = E72AF8A81713967000BC1E04 /* Default.png */; };
		E72AF8CC1713967000BC1E04 /* Default@2x.png in Resources */ = {isa = PBXBuildFile; fileRef = E72AF8A91713967000BC1E04 /* Default@2x.png */; };
		E72AF8CD1713967000BC1E04 /* InfoPlist.strings in Resources */ = {isa = PBXBuildFile; fileRef = E72AF8AA1713967000BC1E04 /* InfoPlist.strings */; };
		E72AF8CE1713967100BC1E04 /* GameWindow.m in Sources */ = {isa = PBXBuildFile; fileRef = E72AF8AD1713967000BC1E04 /* GameWindow.m */; };
		E72AF8CF1713967100BC1E04 /* GameWindow.xib in Resources */ = {isa = PBXBuildFile; fileRef = E72AF8AE1713967000BC1E04 /* GameWindow.xib */; };
		E72AF8D01713967100BC1E04 /* main.m in Sources */ = {isa = PBXBuildFile; fileRef = E72AF8AF1713967000BC1E04 /* main.m */; };
		E72AF8D11713967100BC1E04 /* MainView.m in Sources */ = {isa = PBXBuildFile; fileRef = E72AF8B11713967000BC1E04 /* MainView.m */; };
		E72AF8D21713967100BC1E04 /* MainView~ipad.xib in Resources */ = {isa = PBXBuildFile; fileRef = E72AF8B21713967000BC1E04 /* MainView~ipad.xib */; };
		E72AF8D31713967100BC1E04 /* MBProgressHUD.m in Sources */ = {isa = PBXBuildFile; fileRef = E72AF8B41713967000BC1E04 /* MBProgressHUD.m */; };
		E72AF8D41713967100BC1E04 /* Character.m in Sources */ = {isa = PBXBuildFile; fileRef = E72AF8B71713967000BC1E04 /* Character.m */; };
		E72AF8D51713967100BC1E04 /* GameInfo.m in Sources */ = {isa = PBXBuildFile; fileRef = E72AF8B91713967000BC1E04 /* GameInfo.m */; };
		E72AF8D61713967100BC1E04 /* GameRequest.m in Sources */ = {isa = PBXBuildFile; fileRef = E72AF8BB1713967000BC1E04 /* GameRequest.m */; };
		E72AF8D71713967100BC1E04 /* Move.m in Sources */ = {isa = PBXBuildFile; fileRef = E72AF8BD1713967000BC1E04 /* Move.m */; };
		E72AF8D81713967100BC1E04 /* UserAccount.m in Sources */ = {isa = PBXBuildFile; fileRef = E72AF8C01713967000BC1E04 /* UserAccount.m */; };
		E72AF8D91713967100BC1E04 /* sumosmash-Info.plist in Resources */ = {isa = PBXBuildFile; fileRef = E72AF8C11713967000BC1E04 /* sumosmash-Info.plist */; };
		E72AFA071713977D00BC1E04 /* FacebookSDK.framework in Frameworks */ = {isa = PBXBuildFile; fileRef = E72AFA031713975B00BC1E04 /* FacebookSDK.framework */; };
		E72AFA31171399E300BC1E04 /* TouchDB.framework in Frameworks */ = {isa = PBXBuildFile; fileRef = E72AFA30171399E300BC1E04 /* TouchDB.framework */; };
		E72AFA361714DFD600BC1E04 /* GameInvitations.m in Sources */ = {isa = PBXBuildFile; fileRef = E72AFA351714DFD600BC1E04 /* GameInvitations.m */; };
		E72AFA3817164F7D00BC1E04 /* CouchCocoa.framework in Frameworks */ = {isa = PBXBuildFile; fileRef = E72AFA3717164F7D00BC1E04 /* CouchCocoa.framework */; };
		E72AFA3B1719F5BC00BC1E04 /* GameChat.m in Sources */ = {isa = PBXBuildFile; fileRef = E72AFA3A1719F5BC00BC1E04 /* GameChat.m */; };
/* End PBXBuildFile section */

/* Begin PBXCopyFilesBuildPhase section */
		E72AFA2F171398F800BC1E04 /* CopyFiles */ = {
			isa = PBXCopyFilesBuildPhase;
			buildActionMask = 2147483647;
			dstPath = "";
			dstSubfolderSpec = 7;
			files = (
			);
			runOnlyForDeploymentPostprocessing = 0;
		};
/* End PBXCopyFilesBuildPhase section */

/* Begin PBXFileReference section */
		58B9C4FD16EC535B00891C19 /* sumosmash.app */ = {isa = PBXFileReference; explicitFileType = wrapper.application; includeInIndex = 0; path = sumosmash.app; sourceTree = BUILT_PRODUCTS_DIR; };
		58B9C50016EC535B00891C19 /* UIKit.framework */ = {isa = PBXFileReference; lastKnownFileType = wrapper.framework; name = UIKit.framework; path = System/Library/Frameworks/UIKit.framework; sourceTree = SDKROOT; };
		58B9C50216EC535B00891C19 /* Foundation.framework */ = {isa = PBXFileReference; lastKnownFileType = wrapper.framework; name = Foundation.framework; path = System/Library/Frameworks/Foundation.framework; sourceTree = SDKROOT; };
		58B9C50416EC535B00891C19 /* CoreGraphics.framework */ = {isa = PBXFileReference; lastKnownFileType = wrapper.framework; name = CoreGraphics.framework; path = System/Library/Frameworks/CoreGraphics.framework; sourceTree = SDKROOT; };
		58B9C58016EC59F100891C19 /* libsqlite3.dylib */ = {isa = PBXFileReference; lastKnownFileType = "compiled.mach-o.dylib"; name = libsqlite3.dylib; path = usr/lib/libsqlite3.dylib; sourceTree = SDKROOT; };
		58B9C58216EC5A2000891C19 /* libxml2.dylib */ = {isa = PBXFileReference; lastKnownFileType = "compiled.mach-o.dylib"; name = libxml2.dylib; path = usr/lib/libxml2.dylib; sourceTree = SDKROOT; };
		58B9C58416EC5A2B00891C19 /* libz.dylib */ = {isa = PBXFileReference; lastKnownFileType = "compiled.mach-o.dylib"; name = libz.dylib; path = usr/lib/libz.dylib; sourceTree = SDKROOT; };
		58B9C58616EC5ACD00891C19 /* Social.framework */ = {isa = PBXFileReference; lastKnownFileType = wrapper.framework; name = Social.framework; path = System/Library/Frameworks/Social.framework; sourceTree = SDKROOT; };
		58B9C58816EC5AD500891C19 /* SystemConfiguration.framework */ = {isa = PBXFileReference; lastKnownFileType = wrapper.framework; name = SystemConfiguration.framework; path = System/Library/Frameworks/SystemConfiguration.framework; sourceTree = SDKROOT; };
		58B9C58A16EC5ADB00891C19 /* AudioToolbox.framework */ = {isa = PBXFileReference; lastKnownFileType = wrapper.framework; name = AudioToolbox.framework; path = System/Library/Frameworks/AudioToolbox.framework; sourceTree = SDKROOT; };
		58B9C58C16EC5AE000891C19 /* AVFoundation.framework */ = {isa = PBXFileReference; lastKnownFileType = wrapper.framework; name = AVFoundation.framework; path = System/Library/Frameworks/AVFoundation.framework; sourceTree = SDKROOT; };
		58B9C58E16EC5AF600891C19 /* Accounts.framework */ = {isa = PBXFileReference; lastKnownFileType = wrapper.framework; name = Accounts.framework; path = System/Library/Frameworks/Accounts.framework; sourceTree = SDKROOT; };
		58B9C59016EC5AFB00891C19 /* Security.framework */ = {isa = PBXFileReference; lastKnownFileType = wrapper.framework; name = Security.framework; path = System/Library/Frameworks/Security.framework; sourceTree = SDKROOT; };
		58B9C59216EC5B0300891C19 /* CFNetwork.framework */ = {isa = PBXFileReference; lastKnownFileType = wrapper.framework; name = CFNetwork.framework; path = System/Library/Frameworks/CFNetwork.framework; sourceTree = SDKROOT; };
		58B9C59416EC5B0800891C19 /* OpenAL.framework */ = {isa = PBXFileReference; lastKnownFileType = wrapper.framework; name = OpenAL.framework; path = System/Library/Frameworks/OpenAL.framework; sourceTree = SDKROOT; };
		58B9C59616EC5B0C00891C19 /* QuartzCore.framework */ = {isa = PBXFileReference; lastKnownFileType = wrapper.framework; name = QuartzCore.framework; path = System/Library/Frameworks/QuartzCore.framework; sourceTree = SDKROOT; };
		58B9C59816EC5B1000891C19 /* OpenGLES.framework */ = {isa = PBXFileReference; lastKnownFileType = wrapper.framework; name = OpenGLES.framework; path = System/Library/Frameworks/OpenGLES.framework; sourceTree = SDKROOT; };
		58B9C59A16EC5B1400891C19 /* SenTestingKit.framework */ = {isa = PBXFileReference; lastKnownFileType = wrapper.framework; name = SenTestingKit.framework; path = Library/Frameworks/SenTestingKit.framework; sourceTree = DEVELOPER_DIR; };
		58B9C59C16EC5B5F00891C19 /* MessageUI.framework */ = {isa = PBXFileReference; lastKnownFileType = wrapper.framework; name = MessageUI.framework; path = System/Library/Frameworks/MessageUI.framework; sourceTree = SDKROOT; };
		58B9C5A216EC5E5000891C19 /* AdSupport.framework */ = {isa = PBXFileReference; lastKnownFileType = wrapper.framework; name = AdSupport.framework; path = System/Library/Frameworks/AdSupport.framework; sourceTree = SDKROOT; };
		E72AF89B1713967000BC1E04 /* AppDelegate.h */ = {isa = PBXFileReference; fileEncoding = 4; lastKnownFileType = sourcecode.c.h; path = AppDelegate.h; sourceTree = "<group>"; };
		E72AF89C1713967000BC1E04 /* AppDelegate.m */ = {isa = PBXFileReference; fileEncoding = 4; lastKnownFileType = sourcecode.c.objc; path = AppDelegate.m; sourceTree = "<group>"; };
		E72AF89D1713967000BC1E04 /* back.mp3 */ = {isa = PBXFileReference; lastKnownFileType = audio.mp3; path = back.mp3; sourceTree = "<group>"; };
		E72AF89E1713967000BC1E04 /* button-50.mp3 */ = {isa = PBXFileReference; lastKnownFileType = audio.mp3; path = "button-50.mp3"; sourceTree = "<group>"; };
		E72AF89F1713967000BC1E04 /* close.png */ = {isa = PBXFileReference; lastKnownFileType = image.png; path = close.png; sourceTree = "<group>"; };
		E72AF8A11713967000BC1E04 /* DBDefs.h */ = {isa = PBXFileReference; fileEncoding = 4; lastKnownFileType = sourcecode.c.h; path = DBDefs.h; sourceTree = "<group>"; };
		E72AF8A21713967000BC1E04 /* Server.h */ = {isa = PBXFileReference; fileEncoding = 4; lastKnownFileType = sourcecode.c.h; path = Server.h; sourceTree = "<group>"; };
		E72AF8A31713967000BC1E04 /* Server.m */ = {isa = PBXFileReference; fileEncoding = 4; lastKnownFileType = sourcecode.c.objc; path = Server.m; sourceTree = "<group>"; };
		E72AF8A41713967000BC1E04 /* createaccount.h */ = {isa = PBXFileReference; fileEncoding = 4; lastKnownFileType = sourcecode.c.h; path = createaccount.h; sourceTree = "<group>"; };
		E72AF8A51713967000BC1E04 /* createaccount.m */ = {isa = PBXFileReference; fileEncoding = 4; lastKnownFileType = sourcecode.c.objc; path = createaccount.m; sourceTree = "<group>"; };
		E72AF8A61713967000BC1E04 /* createaccount~ipad.xib */ = {isa = PBXFileReference; fileEncoding = 4; lastKnownFileType = file.xib; path = "createaccount~ipad.xib"; sourceTree = "<group>"; };
		E72AF8A71713967000BC1E04 /* Default-568h@2x.png */ = {isa = PBXFileReference; lastKnownFileType = image.png; path = "Default-568h@2x.png"; sourceTree = "<group>"; };
		E72AF8A81713967000BC1E04 /* Default.png */ = {isa = PBXFileReference; lastKnownFileType = image.png; path = Default.png; sourceTree = "<group>"; };
		E72AF8A91713967000BC1E04 /* Default@2x.png */ = {isa = PBXFileReference; lastKnownFileType = image.png; path = "Default@2x.png"; sourceTree = "<group>"; };
		E72AF8AB1713967000BC1E04 /* en */ = {isa = PBXFileReference; lastKnownFileType = text.plist.strings; name = en; path = en.lproj/InfoPlist.strings; sourceTree = "<group>"; };
		E72AF8AC1713967000BC1E04 /* GameWindow.h */ = {isa = PBXFileReference; fileEncoding = 4; lastKnownFileType = sourcecode.c.h; path = GameWindow.h; sourceTree = "<group>"; };
		E72AF8AD1713967000BC1E04 /* GameWindow.m */ = {isa = PBXFileReference; fileEncoding = 4; lastKnownFileType = sourcecode.c.objc; path = GameWindow.m; sourceTree = "<group>"; };
		E72AF8AE1713967000BC1E04 /* GameWindow.xib */ = {isa = PBXFileReference; fileEncoding = 4; lastKnownFileType = file.xib; path = GameWindow.xib; sourceTree = "<group>"; };
		E72AF8AF1713967000BC1E04 /* main.m */ = {isa = PBXFileReference; fileEncoding = 4; lastKnownFileType = sourcecode.c.objc; path = main.m; sourceTree = "<group>"; };
		E72AF8B01713967000BC1E04 /* MainView.h */ = {isa = PBXFileReference; fileEncoding = 4; lastKnownFileType = sourcecode.c.h; path = MainView.h; sourceTree = "<group>"; };
		E72AF8B11713967000BC1E04 /* MainView.m */ = {isa = PBXFileReference; fileEncoding = 4; lastKnownFileType = sourcecode.c.objc; path = MainView.m; sourceTree = "<group>"; };
		E72AF8B21713967000BC1E04 /* MainView~ipad.xib */ = {isa = PBXFileReference; fileEncoding = 4; lastKnownFileType = file.xib; path = "MainView~ipad.xib"; sourceTree = "<group>"; };
		E72AF8B31713967000BC1E04 /* MBProgressHUD.h */ = {isa = PBXFileReference; fileEncoding = 4; lastKnownFileType = sourcecode.c.h; path = MBProgressHUD.h; sourceTree = "<group>"; };
		E72AF8B41713967000BC1E04 /* MBProgressHUD.m */ = {isa = PBXFileReference; fileEncoding = 4; lastKnownFileType = sourcecode.c.objc; path = MBProgressHUD.m; sourceTree = "<group>"; };
		E72AF8B61713967000BC1E04 /* Character.h */ = {isa = PBXFileReference; fileEncoding = 4; lastKnownFileType = sourcecode.c.h; path = Character.h; sourceTree = "<group>"; };
		E72AF8B71713967000BC1E04 /* Character.m */ = {isa = PBXFileReference; fileEncoding = 4; lastKnownFileType = sourcecode.c.objc; path = Character.m; sourceTree = "<group>"; };
		E72AF8B81713967000BC1E04 /* GameInfo.h */ = {isa = PBXFileReference; fileEncoding = 4; lastKnownFileType = sourcecode.c.h; path = GameInfo.h; sourceTree = "<group>"; };
		E72AF8B91713967000BC1E04 /* GameInfo.m */ = {isa = PBXFileReference; fileEncoding = 4; lastKnownFileType = sourcecode.c.objc; path = GameInfo.m; sourceTree = "<group>"; };
		E72AF8BA1713967000BC1E04 /* GameRequest.h */ = {isa = PBXFileReference; fileEncoding = 4; lastKnownFileType = sourcecode.c.h; path = GameRequest.h; sourceTree = "<group>"; };
		E72AF8BB1713967000BC1E04 /* GameRequest.m */ = {isa = PBXFileReference; fileEncoding = 4; lastKnownFileType = sourcecode.c.objc; path = GameRequest.m; sourceTree = "<group>"; };
		E72AF8BC1713967000BC1E04 /* Move.h */ = {isa = PBXFileReference; fileEncoding = 4; lastKnownFileType = sourcecode.c.h; path = Move.h; sourceTree = "<group>"; };
		E72AF8BD1713967000BC1E04 /* Move.m */ = {isa = PBXFileReference; fileEncoding = 4; lastKnownFileType = sourcecode.c.objc; path = Move.m; sourceTree = "<group>"; };
		E72AF8BE1713967000BC1E04 /* MoveType.h */ = {isa = PBXFileReference; fileEncoding = 4; lastKnownFileType = sourcecode.c.h; path = MoveType.h; sourceTree = "<group>"; };
		E72AF8BF1713967000BC1E04 /* UserAccount.h */ = {isa = PBXFileReference; fileEncoding = 4; lastKnownFileType = sourcecode.c.h; path = UserAccount.h; sourceTree = "<group>"; };
		E72AF8C01713967000BC1E04 /* UserAccount.m */ = {isa = PBXFileReference; fileEncoding = 4; lastKnownFileType = sourcecode.c.objc; path = UserAccount.m; sourceTree = "<group>"; };
		E72AF8C11713967000BC1E04 /* sumosmash-Info.plist */ = {isa = PBXFileReference; fileEncoding = 4; lastKnownFileType = text.plist.xml; path = "sumosmash-Info.plist"; sourceTree = "<group>"; };
		E72AF8C21713967000BC1E04 /* sumosmash-Prefix.pch */ = {isa = PBXFileReference; fileEncoding = 4; lastKnownFileType = sourcecode.c.h; path = "sumosmash-Prefix.pch"; sourceTree = "<group>"; };
		E72AFA031713975B00BC1E04 /* FacebookSDK.framework */ = {isa = PBXFileReference; lastKnownFileType = wrapper.framework; path = FacebookSDK.framework; sourceTree = "<group>"; };
		E72AFA091713989600BC1E04 /* Facebook.h */ = {isa = PBXFileReference; fileEncoding = 4; lastKnownFileType = sourcecode.c.h; path = Facebook.h; sourceTree = "<group>"; };
		E72AFA0A1713989600BC1E04 /* FacebookSDK.h */ = {isa = PBXFileReference; fileEncoding = 4; lastKnownFileType = sourcecode.c.h; path = FacebookSDK.h; sourceTree = "<group>"; };
		E72AFA0B1713989600BC1E04 /* FBAccessTokenData.h */ = {isa = PBXFileReference; fileEncoding = 4; lastKnownFileType = sourcecode.c.h; path = FBAccessTokenData.h; sourceTree = "<group>"; };
		E72AFA0C1713989600BC1E04 /* FBCacheDescriptor.h */ = {isa = PBXFileReference; fileEncoding = 4; lastKnownFileType = sourcecode.c.h; path = FBCacheDescriptor.h; sourceTree = "<group>"; };
		E72AFA0D1713989600BC1E04 /* FBConnect.h */ = {isa = PBXFileReference; fileEncoding = 4; lastKnownFileType = sourcecode.c.h; path = FBConnect.h; sourceTree = "<group>"; };
		E72AFA0E1713989600BC1E04 /* FBDialog.h */ = {isa = PBXFileReference; fileEncoding = 4; lastKnownFileType = sourcecode.c.h; path = FBDialog.h; sourceTree = "<group>"; };
		E72AFA0F1713989600BC1E04 /* FBError.h */ = {isa = PBXFileReference; fileEncoding = 4; lastKnownFileType = sourcecode.c.h; path = FBError.h; sourceTree = "<group>"; };
		E72AFA101713989600BC1E04 /* FBFrictionlessRecipientCache.h */ = {isa = PBXFileReference; fileEncoding = 4; lastKnownFileType = sourcecode.c.h; path = FBFrictionlessRecipientCache.h; sourceTree = "<group>"; };
		E72AFA111713989600BC1E04 /* FBFrictionlessRequestSettings.h */ = {isa = PBXFileReference; fileEncoding = 4; lastKnownFileType = sourcecode.c.h; path = FBFrictionlessRequestSettings.h; sourceTree = "<group>"; };
		E72AFA121713989600BC1E04 /* FBFriendPickerViewController.h */ = {isa = PBXFileReference; fileEncoding = 4; lastKnownFileType = sourcecode.c.h; path = FBFriendPickerViewController.h; sourceTree = "<group>"; };
		E72AFA131713989600BC1E04 /* FBGraphLocation.h */ = {isa = PBXFileReference; fileEncoding = 4; lastKnownFileType = sourcecode.c.h; path = FBGraphLocation.h; sourceTree = "<group>"; };
		E72AFA141713989600BC1E04 /* FBGraphObject.h */ = {isa = PBXFileReference; fileEncoding = 4; lastKnownFileType = sourcecode.c.h; path = FBGraphObject.h; sourceTree = "<group>"; };
		E72AFA151713989600BC1E04 /* FBGraphPlace.h */ = {isa = PBXFileReference; fileEncoding = 4; lastKnownFileType = sourcecode.c.h; path = FBGraphPlace.h; sourceTree = "<group>"; };
		E72AFA161713989600BC1E04 /* FBGraphUser.h */ = {isa = PBXFileReference; fileEncoding = 4; lastKnownFileType = sourcecode.c.h; path = FBGraphUser.h; sourceTree = "<group>"; };
		E72AFA171713989600BC1E04 /* FBInsights.h */ = {isa = PBXFileReference; fileEncoding = 4; lastKnownFileType = sourcecode.c.h; path = FBInsights.h; sourceTree = "<group>"; };
		E72AFA181713989600BC1E04 /* FBLoginDialog.h */ = {isa = PBXFileReference; fileEncoding = 4; lastKnownFileType = sourcecode.c.h; path = FBLoginDialog.h; sourceTree = "<group>"; };
		E72AFA191713989600BC1E04 /* FBLoginView.h */ = {isa = PBXFileReference; fileEncoding = 4; lastKnownFileType = sourcecode.c.h; path = FBLoginView.h; sourceTree = "<group>"; };
		E72AFA1A1713989600BC1E04 /* FBNativeDialogs.h */ = {isa = PBXFileReference; fileEncoding = 4; lastKnownFileType = sourcecode.c.h; path = FBNativeDialogs.h; sourceTree = "<group>"; };
		E72AFA1B1713989600BC1E04 /* FBOpenGraphAction.h */ = {isa = PBXFileReference; fileEncoding = 4; lastKnownFileType = sourcecode.c.h; path = FBOpenGraphAction.h; sourceTree = "<group>"; };
		E72AFA1C1713989600BC1E04 /* FBPlacePickerViewController.h */ = {isa = PBXFileReference; fileEncoding = 4; lastKnownFileType = sourcecode.c.h; path = FBPlacePickerViewController.h; sourceTree = "<group>"; };
		E72AFA1D1713989600BC1E04 /* FBProfilePictureView.h */ = {isa = PBXFileReference; fileEncoding = 4; lastKnownFileType = sourcecode.c.h; path = FBProfilePictureView.h; sourceTree = "<group>"; };
		E72AFA1E1713989600BC1E04 /* FBRequest.h */ = {isa = PBXFileReference; fileEncoding = 4; lastKnownFileType = sourcecode.c.h; path = FBRequest.h; sourceTree = "<group>"; };
		E72AFA1F1713989600BC1E04 /* FBRequestConnection.h */ = {isa = PBXFileReference; fileEncoding = 4; lastKnownFileType = sourcecode.c.h; path = FBRequestConnection.h; sourceTree = "<group>"; };
		E72AFA201713989600BC1E04 /* FBSBJSON.h */ = {isa = PBXFileReference; fileEncoding = 4; lastKnownFileType = sourcecode.c.h; path = FBSBJSON.h; sourceTree = "<group>"; };
		E72AFA211713989600BC1E04 /* FBSBJsonBase.h */ = {isa = PBXFileReference; fileEncoding = 4; lastKnownFileType = sourcecode.c.h; path = FBSBJsonBase.h; sourceTree = "<group>"; };
		E72AFA221713989600BC1E04 /* FBSBJsonParser.h */ = {isa = PBXFileReference; fileEncoding = 4; lastKnownFileType = sourcecode.c.h; path = FBSBJsonParser.h; sourceTree = "<group>"; };
		E72AFA231713989600BC1E04 /* FBSBJsonWriter.h */ = {isa = PBXFileReference; fileEncoding = 4; lastKnownFileType = sourcecode.c.h; path = FBSBJsonWriter.h; sourceTree = "<group>"; };
		E72AFA241713989600BC1E04 /* FBSession.h */ = {isa = PBXFileReference; fileEncoding = 4; lastKnownFileType = sourcecode.c.h; path = FBSession.h; sourceTree = "<group>"; };
		E72AFA251713989600BC1E04 /* FBSessionManualTokenCachingStrategy.h */ = {isa = PBXFileReference; fileEncoding = 4; lastKnownFileType = sourcecode.c.h; path = FBSessionManualTokenCachingStrategy.h; sourceTree = "<group>"; };
		E72AFA261713989600BC1E04 /* FBSessionTokenCachingStrategy.h */ = {isa = PBXFileReference; fileEncoding = 4; lastKnownFileType = sourcecode.c.h; path = FBSessionTokenCachingStrategy.h; sourceTree = "<group>"; };
		E72AFA271713989600BC1E04 /* FBSettings.h */ = {isa = PBXFileReference; fileEncoding = 4; lastKnownFileType = sourcecode.c.h; path = FBSettings.h; sourceTree = "<group>"; };
		E72AFA281713989600BC1E04 /* FBTestSession.h */ = {isa = PBXFileReference; fileEncoding = 4; lastKnownFileType = sourcecode.c.h; path = FBTestSession.h; sourceTree = "<group>"; };
		E72AFA291713989600BC1E04 /* FBUserSettingsViewController.h */ = {isa = PBXFileReference; fileEncoding = 4; lastKnownFileType = sourcecode.c.h; path = FBUserSettingsViewController.h; sourceTree = "<group>"; };
		E72AFA2A1713989600BC1E04 /* FBViewController.h */ = {isa = PBXFileReference; fileEncoding = 4; lastKnownFileType = sourcecode.c.h; path = FBViewController.h; sourceTree = "<group>"; };
		E72AFA2B1713989600BC1E04 /* FBWebDialogs.h */ = {isa = PBXFileReference; fileEncoding = 4; lastKnownFileType = sourcecode.c.h; path = FBWebDialogs.h; sourceTree = "<group>"; };
		E72AFA2C1713989600BC1E04 /* NSError+FBError.h */ = {isa = PBXFileReference; fileEncoding = 4; lastKnownFileType = sourcecode.c.h; path = "NSError+FBError.h"; sourceTree = "<group>"; };
		E72AFA30171399E300BC1E04 /* TouchDB.framework */ = {isa = PBXFileReference; lastKnownFileType = wrapper.framework; path = TouchDB.framework; sourceTree = "<group>"; };
		E72AFA341714DFD600BC1E04 /* GameInvitations.h */ = {isa = PBXFileReference; fileEncoding = 4; lastKnownFileType = sourcecode.c.h; path = GameInvitations.h; sourceTree = "<group>"; };
		E72AFA351714DFD600BC1E04 /* GameInvitations.m */ = {isa = PBXFileReference; fileEncoding = 4; lastKnownFileType = sourcecode.c.objc; path = GameInvitations.m; sourceTree = "<group>"; };
		E72AFA3717164F7D00BC1E04 /* CouchCocoa.framework */ = {isa = PBXFileReference; lastKnownFileType = wrapper.framework; path = CouchCocoa.framework; sourceTree = "<group>"; };
		E72AFA391719F5BB00BC1E04 /* GameChat.h */ = {isa = PBXFileReference; fileEncoding = 4; lastKnownFileType = sourcecode.c.h; path = GameChat.h; sourceTree = "<group>"; };
		E72AFA3A1719F5BC00BC1E04 /* GameChat.m */ = {isa = PBXFileReference; fileEncoding = 4; lastKnownFileType = sourcecode.c.objc; path = GameChat.m; sourceTree = "<group>"; };
/* End PBXFileReference section */

/* Begin PBXFrameworksBuildPhase section */
		58B9C4FA16EC535B00891C19 /* Frameworks */ = {
			isa = PBXFrameworksBuildPhase;
			buildActionMask = 2147483647;
			files = (
				58B9C59316EC5B0300891C19 /* CFNetwork.framework in Frameworks */,
				E72AFA31171399E300BC1E04 /* TouchDB.framework in Frameworks */,
				E72AFA071713977D00BC1E04 /* FacebookSDK.framework in Frameworks */,
				58B9C5A316EC5E5000891C19 /* AdSupport.framework in Frameworks */,
				58B9C59D16EC5B5F00891C19 /* MessageUI.framework in Frameworks */,
				58B9C59916EC5B1000891C19 /* OpenGLES.framework in Frameworks */,
				58B9C59716EC5B0C00891C19 /* QuartzCore.framework in Frameworks */,
				58B9C59516EC5B0800891C19 /* OpenAL.framework in Frameworks */,
				58B9C59116EC5AFB00891C19 /* Security.framework in Frameworks */,
				58B9C58F16EC5AF600891C19 /* Accounts.framework in Frameworks */,
				58B9C50516EC535B00891C19 /* CoreGraphics.framework in Frameworks */,
				58B9C50316EC535B00891C19 /* Foundation.framework in Frameworks */,
				58B9C58D16EC5AE000891C19 /* AVFoundation.framework in Frameworks */,
				58B9C58B16EC5ADB00891C19 /* AudioToolbox.framework in Frameworks */,
				58B9C58916EC5AD500891C19 /* SystemConfiguration.framework in Frameworks */,
				58B9C58716EC5ACD00891C19 /* Social.framework in Frameworks */,
				58B9C58516EC5A2B00891C19 /* libz.dylib in Frameworks */,
				58B9C58316EC5A2000891C19 /* libxml2.dylib in Frameworks */,
				58B9C58116EC59F100891C19 /* libsqlite3.dylib in Frameworks */,
				58B9C50116EC535B00891C19 /* UIKit.framework in Frameworks */,
				E72AFA3817164F7D00BC1E04 /* CouchCocoa.framework in Frameworks */,
			);
			runOnlyForDeploymentPostprocessing = 0;
		};
/* End PBXFrameworksBuildPhase section */

/* Begin PBXGroup section */
		58B9C4F416EC535B00891C19 = {
			isa = PBXGroup;
			children = (
				E72AF89A1713967000BC1E04 /* sumosmash */,
				58B9C4FF16EC535B00891C19 /* Frameworks */,
				58B9C4FE16EC535B00891C19 /* Products */,
			);
			sourceTree = "<group>";
		};
		58B9C4FE16EC535B00891C19 /* Products */ = {
			isa = PBXGroup;
			children = (
				58B9C4FD16EC535B00891C19 /* sumosmash.app */,
			);
			name = Products;
			sourceTree = "<group>";
		};
		58B9C4FF16EC535B00891C19 /* Frameworks */ = {
			isa = PBXGroup;
			children = (
				E72AFA3717164F7D00BC1E04 /* CouchCocoa.framework */,
				E72AFA30171399E300BC1E04 /* TouchDB.framework */,
				E72AFA081713989600BC1E04 /* DeprecatedHeaders */,
				E72AFA031713975B00BC1E04 /* FacebookSDK.framework */,
				58B9C5A216EC5E5000891C19 /* AdSupport.framework */,
				58B9C59C16EC5B5F00891C19 /* MessageUI.framework */,
				58B9C59A16EC5B1400891C19 /* SenTestingKit.framework */,
				58B9C59816EC5B1000891C19 /* OpenGLES.framework */,
				58B9C59616EC5B0C00891C19 /* QuartzCore.framework */,
				58B9C59416EC5B0800891C19 /* OpenAL.framework */,
				58B9C59216EC5B0300891C19 /* CFNetwork.framework */,
				58B9C59016EC5AFB00891C19 /* Security.framework */,
				58B9C58E16EC5AF600891C19 /* Accounts.framework */,
				58B9C58C16EC5AE000891C19 /* AVFoundation.framework */,
				58B9C58A16EC5ADB00891C19 /* AudioToolbox.framework */,
				58B9C58816EC5AD500891C19 /* SystemConfiguration.framework */,
				58B9C58616EC5ACD00891C19 /* Social.framework */,
				58B9C58416EC5A2B00891C19 /* libz.dylib */,
				58B9C58216EC5A2000891C19 /* libxml2.dylib */,
				58B9C58016EC59F100891C19 /* libsqlite3.dylib */,
				58B9C50016EC535B00891C19 /* UIKit.framework */,
				58B9C50216EC535B00891C19 /* Foundation.framework */,
				58B9C50416EC535B00891C19 /* CoreGraphics.framework */,
			);
			name = Frameworks;
			sourceTree = "<group>";
		};
		E72AF89A1713967000BC1E04 /* sumosmash */ = {
			isa = PBXGroup;
			children = (
				E72AF8DA1713967500BC1E04 /* Supporting Files */,
				E72AF8DB1713969000BC1E04 /* Views */,
				E72AF89B1713967000BC1E04 /* AppDelegate.h */,
				E72AF89C1713967000BC1E04 /* AppDelegate.m */,
				E72AF8A01713967000BC1E04 /* Communication */,
				E72AF8B51713967000BC1E04 /* Model */,
			);
			path = sumosmash;
			sourceTree = "<group>";
		};
		E72AF8A01713967000BC1E04 /* Communication */ = {
			isa = PBXGroup;
			children = (
				E72AF8A11713967000BC1E04 /* DBDefs.h */,
				E72AF8A21713967000BC1E04 /* Server.h */,
				E72AF8A31713967000BC1E04 /* Server.m */,
			);
			path = Communication;
			sourceTree = "<group>";
		};
		E72AF8B51713967000BC1E04 /* Model */ = {
			isa = PBXGroup;
			children = (
				E72AF8B61713967000BC1E04 /* Character.h */,
				E72AF8B71713967000BC1E04 /* Character.m */,
				E72AF8B81713967000BC1E04 /* GameInfo.h */,
				E72AF8B91713967000BC1E04 /* GameInfo.m */,
				E72AF8BA1713967000BC1E04 /* GameRequest.h */,
				E72AF8BB1713967000BC1E04 /* GameRequest.m */,
				E72AF8BC1713967000BC1E04 /* Move.h */,
				E72AF8BD1713967000BC1E04 /* Move.m */,
				E72AF8BE1713967000BC1E04 /* MoveType.h */,
				E72AF8BF1713967000BC1E04 /* UserAccount.h */,
				E72AF8C01713967000BC1E04 /* UserAccount.m */,
				E72AFA341714DFD600BC1E04 /* GameInvitations.h */,
				E72AFA351714DFD600BC1E04 /* GameInvitations.m */,
				E72AFA391719F5BB00BC1E04 /* GameChat.h */,
				E72AFA3A1719F5BC00BC1E04 /* GameChat.m */,
			);
			path = Model;
			sourceTree = "<group>";
		};
		E72AF8DA1713967500BC1E04 /* Supporting Files */ = {
			isa = PBXGroup;
			children = (
				E72AF8AF1713967000BC1E04 /* main.m */,
				E72AF8C11713967000BC1E04 /* sumosmash-Info.plist */,
				E72AF8C21713967000BC1E04 /* sumosmash-Prefix.pch */,
				E72AF8A71713967000BC1E04 /* Default-568h@2x.png */,
				E72AF8A81713967000BC1E04 /* Default.png */,
				E72AF8A91713967000BC1E04 /* Default@2x.png */,
				E72AF8AA1713967000BC1E04 /* InfoPlist.strings */,
				E72AF89D1713967000BC1E04 /* back.mp3 */,
				E72AF89E1713967000BC1E04 /* button-50.mp3 */,
				E72AF89F1713967000BC1E04 /* close.png */,
			);
			name = "Supporting Files";
			sourceTree = "<group>";
		};
		E72AF8DB1713969000BC1E04 /* Views */ = {
			isa = PBXGroup;
			children = (
				E72AF8B31713967000BC1E04 /* MBProgressHUD.h */,
				E72AF8B41713967000BC1E04 /* MBProgressHUD.m */,
				E72AF8A41713967000BC1E04 /* createaccount.h */,
				E72AF8A51713967000BC1E04 /* createaccount.m */,
				E72AF8A61713967000BC1E04 /* createaccount~ipad.xib */,
				E72AF8AC1713967000BC1E04 /* GameWindow.h */,
				E72AF8AD1713967000BC1E04 /* GameWindow.m */,
				E72AF8AE1713967000BC1E04 /* GameWindow.xib */,
				E72AF8B01713967000BC1E04 /* MainView.h */,
				E72AF8B11713967000BC1E04 /* MainView.m */,
				E72AF8B21713967000BC1E04 /* MainView~ipad.xib */,
			);
			name = Views;
			sourceTree = "<group>";
		};
		E72AFA081713989600BC1E04 /* DeprecatedHeaders */ = {
			isa = PBXGroup;
			children = (
				E72AFA091713989600BC1E04 /* Facebook.h */,
				E72AFA0A1713989600BC1E04 /* FacebookSDK.h */,
				E72AFA0B1713989600BC1E04 /* FBAccessTokenData.h */,
				E72AFA0C1713989600BC1E04 /* FBCacheDescriptor.h */,
				E72AFA0D1713989600BC1E04 /* FBConnect.h */,
				E72AFA0E1713989600BC1E04 /* FBDialog.h */,
				E72AFA0F1713989600BC1E04 /* FBError.h */,
				E72AFA101713989600BC1E04 /* FBFrictionlessRecipientCache.h */,
				E72AFA111713989600BC1E04 /* FBFrictionlessRequestSettings.h */,
				E72AFA121713989600BC1E04 /* FBFriendPickerViewController.h */,
				E72AFA131713989600BC1E04 /* FBGraphLocation.h */,
				E72AFA141713989600BC1E04 /* FBGraphObject.h */,
				E72AFA151713989600BC1E04 /* FBGraphPlace.h */,
				E72AFA161713989600BC1E04 /* FBGraphUser.h */,
				E72AFA171713989600BC1E04 /* FBInsights.h */,
				E72AFA181713989600BC1E04 /* FBLoginDialog.h */,
				E72AFA191713989600BC1E04 /* FBLoginView.h */,
				E72AFA1A1713989600BC1E04 /* FBNativeDialogs.h */,
				E72AFA1B1713989600BC1E04 /* FBOpenGraphAction.h */,
				E72AFA1C1713989600BC1E04 /* FBPlacePickerViewController.h */,
				E72AFA1D1713989600BC1E04 /* FBProfilePictureView.h */,
				E72AFA1E1713989600BC1E04 /* FBRequest.h */,
				E72AFA1F1713989600BC1E04 /* FBRequestConnection.h */,
				E72AFA201713989600BC1E04 /* FBSBJSON.h */,
				E72AFA211713989600BC1E04 /* FBSBJsonBase.h */,
				E72AFA221713989600BC1E04 /* FBSBJsonParser.h */,
				E72AFA231713989600BC1E04 /* FBSBJsonWriter.h */,
				E72AFA241713989600BC1E04 /* FBSession.h */,
				E72AFA251713989600BC1E04 /* FBSessionManualTokenCachingStrategy.h */,
				E72AFA261713989600BC1E04 /* FBSessionTokenCachingStrategy.h */,
				E72AFA271713989600BC1E04 /* FBSettings.h */,
				E72AFA281713989600BC1E04 /* FBTestSession.h */,
				E72AFA291713989600BC1E04 /* FBUserSettingsViewController.h */,
				E72AFA2A1713989600BC1E04 /* FBViewController.h */,
				E72AFA2B1713989600BC1E04 /* FBWebDialogs.h */,
				E72AFA2C1713989600BC1E04 /* NSError+FBError.h */,
			);
			name = DeprecatedHeaders;
			path = FacebookSDK.framework/Versions/A/DeprecatedHeaders;
			sourceTree = "<group>";
		};
/* End PBXGroup section */

/* Begin PBXNativeTarget section */
		58B9C4FC16EC535B00891C19 /* sumosmash */ = {
			isa = PBXNativeTarget;
			buildConfigurationList = 58B9C51A16EC535B00891C19 /* Build configuration list for PBXNativeTarget "sumosmash" */;
			buildPhases = (
				58B9C4F916EC535B00891C19 /* Sources */,
				58B9C4FA16EC535B00891C19 /* Frameworks */,
				58B9C4FB16EC535B00891C19 /* Resources */,
				E72AFA2F171398F800BC1E04 /* CopyFiles */,
			);
			buildRules = (
			);
			dependencies = (
			);
			name = sumosmash;
			productName = sumosmash;
			productReference = 58B9C4FD16EC535B00891C19 /* sumosmash.app */;
			productType = "com.apple.product-type.application";
		};
/* End PBXNativeTarget section */

/* Begin PBXProject section */
		58B9C4F516EC535B00891C19 /* Project object */ = {
			isa = PBXProject;
			attributes = {
				LastUpgradeCheck = 0460;
				ORGANIZATIONNAME = gutshotgames;
			};
			buildConfigurationList = 58B9C4F816EC535B00891C19 /* Build configuration list for PBXProject "sumosmash" */;
			compatibilityVersion = "Xcode 3.2";
			developmentRegion = English;
			hasScannedForEncodings = 0;
			knownRegions = (
				en,
			);
			mainGroup = 58B9C4F416EC535B00891C19;
			productRefGroup = 58B9C4FE16EC535B00891C19 /* Products */;
			projectDirPath = "";
			projectRoot = "";
			targets = (
				58B9C4FC16EC535B00891C19 /* sumosmash */,
			);
		};
/* End PBXProject section */

/* Begin PBXResourcesBuildPhase section */
		58B9C4FB16EC535B00891C19 /* Resources */ = {
			isa = PBXResourcesBuildPhase;
			buildActionMask = 2147483647;
			files = (
				E72AF8C41713967000BC1E04 /* back.mp3 in Resources */,
				E72AF8C51713967000BC1E04 /* button-50.mp3 in Resources */,
				E72AF8C61713967000BC1E04 /* close.png in Resources */,
				E72AF8C91713967000BC1E04 /* createaccount~ipad.xib in Resources */,
				E72AF8CA1713967000BC1E04 /* Default-568h@2x.png in Resources */,
				E72AF8CB1713967000BC1E04 /* Default.png in Resources */,
				E72AF8CC1713967000BC1E04 /* Default@2x.png in Resources */,
				E72AF8CD1713967000BC1E04 /* InfoPlist.strings in Resources */,
				E72AF8CF1713967100BC1E04 /* GameWindow.xib in Resources */,
				E72AF8D21713967100BC1E04 /* MainView~ipad.xib in Resources */,
				E72AF8D91713967100BC1E04 /* sumosmash-Info.plist in Resources */,
			);
			runOnlyForDeploymentPostprocessing = 0;
		};
/* End PBXResourcesBuildPhase section */

/* Begin PBXSourcesBuildPhase section */
		58B9C4F916EC535B00891C19 /* Sources */ = {
			isa = PBXSourcesBuildPhase;
			buildActionMask = 2147483647;
			files = (
				E72AF8C31713967000BC1E04 /* AppDelegate.m in Sources */,
				E72AF8C71713967000BC1E04 /* Server.m in Sources */,
				E72AF8C81713967000BC1E04 /* createaccount.m in Sources */,
				E72AF8CE1713967100BC1E04 /* GameWindow.m in Sources */,
				E72AF8D01713967100BC1E04 /* main.m in Sources */,
				E72AF8D11713967100BC1E04 /* MainView.m in Sources */,
				E72AF8D31713967100BC1E04 /* MBProgressHUD.m in Sources */,
				E72AF8D41713967100BC1E04 /* Character.m in Sources */,
				E72AF8D51713967100BC1E04 /* GameInfo.m in Sources */,
				E72AF8D61713967100BC1E04 /* GameRequest.m in Sources */,
				E72AF8D71713967100BC1E04 /* Move.m in Sources */,
				E72AF8D81713967100BC1E04 /* UserAccount.m in Sources */,
				E72AFA361714DFD600BC1E04 /* GameInvitations.m in Sources */,
				E72AFA3B1719F5BC00BC1E04 /* GameChat.m in Sources */,
			);
			runOnlyForDeploymentPostprocessing = 0;
		};
/* End PBXSourcesBuildPhase section */

/* Begin PBXVariantGroup section */
		E72AF8AA1713967000BC1E04 /* InfoPlist.strings */ = {
			isa = PBXVariantGroup;
			children = (
				E72AF8AB1713967000BC1E04 /* en */,
			);
			name = InfoPlist.strings;
			sourceTree = "<group>";
		};
/* End PBXVariantGroup section */

/* Begin XCBuildConfiguration section */
		58B9C51816EC535B00891C19 /* Debug */ = {
			isa = XCBuildConfiguration;
			buildSettings = {
				ALWAYS_SEARCH_USER_PATHS = NO;
				CLANG_CXX_LANGUAGE_STANDARD = "gnu++0x";
				CLANG_CXX_LIBRARY = "libc++";
				CLANG_ENABLE_OBJC_ARC = YES;
				CLANG_WARN_CONSTANT_CONVERSION = YES;
				CLANG_WARN_EMPTY_BODY = YES;
				CLANG_WARN_ENUM_CONVERSION = YES;
				CLANG_WARN_INT_CONVERSION = YES;
				CLANG_WARN__DUPLICATE_METHOD_MATCH = YES;
				"CODE_SIGN_IDENTITY[sdk=iphoneos*]" = "iPhone Developer";
				COPY_PHASE_STRIP = NO;
				GCC_C_LANGUAGE_STANDARD = gnu99;
				GCC_DYNAMIC_NO_PIC = NO;
				GCC_OPTIMIZATION_LEVEL = 0;
				GCC_PREPROCESSOR_DEFINITIONS = (
					"DEBUG=1",
					"$(inherited)",
				);
				GCC_SYMBOLS_PRIVATE_EXTERN = NO;
				GCC_WARN_ABOUT_RETURN_TYPE = YES;
				GCC_WARN_UNINITIALIZED_AUTOS = YES;
				GCC_WARN_UNUSED_VARIABLE = YES;
				IPHONEOS_DEPLOYMENT_TARGET = 6.1;
				ONLY_ACTIVE_ARCH = YES;
				SDKROOT = iphoneos;
				TARGETED_DEVICE_FAMILY = "1,2";
			};
			name = Debug;
		};
		58B9C51916EC535B00891C19 /* Release */ = {
			isa = XCBuildConfiguration;
			buildSettings = {
				ALWAYS_SEARCH_USER_PATHS = NO;
				CLANG_CXX_LANGUAGE_STANDARD = "gnu++0x";
				CLANG_CXX_LIBRARY = "libc++";
				CLANG_ENABLE_OBJC_ARC = YES;
				CLANG_WARN_CONSTANT_CONVERSION = YES;
				CLANG_WARN_EMPTY_BODY = YES;
				CLANG_WARN_ENUM_CONVERSION = YES;
				CLANG_WARN_INT_CONVERSION = YES;
				CLANG_WARN__DUPLICATE_METHOD_MATCH = YES;
				"CODE_SIGN_IDENTITY[sdk=iphoneos*]" = "iPhone Developer";
				COPY_PHASE_STRIP = YES;
				GCC_C_LANGUAGE_STANDARD = gnu99;
				GCC_WARN_ABOUT_RETURN_TYPE = YES;
				GCC_WARN_UNINITIALIZED_AUTOS = YES;
				GCC_WARN_UNUSED_VARIABLE = YES;
				IPHONEOS_DEPLOYMENT_TARGET = 6.1;
				OTHER_CFLAGS = "-DNS_BLOCK_ASSERTIONS=1";
				SDKROOT = iphoneos;
				TARGETED_DEVICE_FAMILY = "1,2";
				VALIDATE_PRODUCT = YES;
			};
			name = Release;
		};
		58B9C51B16EC535B00891C19 /* Debug */ = {
			isa = XCBuildConfiguration;
			buildSettings = {
				ALWAYS_SEARCH_USER_PATHS = YES;
				FRAMEWORK_SEARCH_PATHS = (
					"$(inherited)",
					"\"$(SRCROOT)\"",
					"\"$(SYSTEM_APPS_DIR)/Xcode.app/Contents/Developer/Library/Frameworks\"",
				);
				GCC_PRECOMPILE_PREFIX_HEADER = YES;
				GCC_PREFIX_HEADER = "sumosmash/sumosmash-Prefix.pch";
				INFOPLIST_FILE = "sumosmash/sumosmash-Info.plist";
				IPHONEOS_DEPLOYMENT_TARGET = 5.0;
				LIBRARY_SEARCH_PATHS = (
					"$(inherited)",
					"\"$(SRCROOT)\"",
				);
				OTHER_LDFLAGS = "-ObjC";
				PRODUCT_NAME = "$(TARGET_NAME)";
				WRAPPER_EXTENSION = app;
			};
			name = Debug;
		};
		58B9C51C16EC535B00891C19 /* Release */ = {
			isa = XCBuildConfiguration;
			buildSettings = {
				ALWAYS_SEARCH_USER_PATHS = YES;
				FRAMEWORK_SEARCH_PATHS = (
					"$(inherited)",
					"\"$(SRCROOT)\"",
					"\"$(SYSTEM_APPS_DIR)/Xcode.app/Contents/Developer/Library/Frameworks\"",
				);
				GCC_PRECOMPILE_PREFIX_HEADER = YES;
				GCC_PREFIX_HEADER = "sumosmash/sumosmash-Prefix.pch";
				INFOPLIST_FILE = "sumosmash/sumosmash-Info.plist";
				IPHONEOS_DEPLOYMENT_TARGET = 5.0;
				LIBRARY_SEARCH_PATHS = (
					"$(inherited)",
					"\"$(SRCROOT)\"",
				);
				OTHER_LDFLAGS = "-ObjC";
				PRODUCT_NAME = "$(TARGET_NAME)";
				WRAPPER_EXTENSION = app;
			};
			name = Release;
		};
/* End XCBuildConfiguration section */

/* Begin XCConfigurationList section */
		58B9C4F816EC535B00891C19 /* Build configuration list for PBXProject "sumosmash" */ = {
			isa = XCConfigurationList;
			buildConfigurations = (
				58B9C51816EC535B00891C19 /* Debug */,
				58B9C51916EC535B00891C19 /* Release */,
			);
			defaultConfigurationIsVisible = 0;
			defaultConfigurationName = Release;
		};
		58B9C51A16EC535B00891C19 /* Build configuration list for PBXNativeTarget "sumosmash" */ = {
			isa = XCConfigurationList;
			buildConfigurations = (
				58B9C51B16EC535B00891C19 /* Debug */,
				58B9C51C16EC535B00891C19 /* Release */,
			);
			defaultConfigurationIsVisible = 0;
			defaultConfigurationName = Release;
		};
/* End XCConfigurationList section */
	};
	rootObject = 58B9C4F516EC535B00891C19 /* Project object */;
}
