// !$*UTF8*$!
{
	archiveVersion = 1;
	classes = {
	};
	objectVersion = 46;
	objects = {

/* Begin PBXBuildFile section */
		586EEA551856DCA100A5D3A5 /* MenuView.m in Sources */ = {isa = PBXBuildFile; fileRef = 586EEA521856DCA100A5D3A5 /* MenuView.m */; };
		586EEA561856DCA100A5D3A5 /* InvitationsViewController.m in Sources */ = {isa = PBXBuildFile; fileRef = 586EEA541856DCA100A5D3A5 /* InvitationsViewController.m */; };
		586EEA5D1856DDB100A5D3A5 /* GameView.xib in Resources */ = {isa = PBXBuildFile; fileRef = 586EEA581856DDB100A5D3A5 /* GameView.xib */; };
		586EEA5E1856DDB100A5D3A5 /* MenuView.xib in Resources */ = {isa = PBXBuildFile; fileRef = 586EEA591856DDB100A5D3A5 /* MenuView.xib */; };
		586EEA5F1856DDB100A5D3A5 /* CreateGameView.xib in Resources */ = {isa = PBXBuildFile; fileRef = 586EEA5A1856DDB100A5D3A5 /* CreateGameView.xib */; };
		586EEA601856DDB100A5D3A5 /* InvitationsView.xib in Resources */ = {isa = PBXBuildFile; fileRef = 586EEA5B1856DDB100A5D3A5 /* InvitationsView.xib */; };
		586EEA611856DDB100A5D3A5 /* InvitePopupScreen.xib in Resources */ = {isa = PBXBuildFile; fileRef = 586EEA5C1856DDB100A5D3A5 /* InvitePopupScreen.xib */; };
		586EEA641856DDFA00A5D3A5 /* createaccount.m in Sources */ = {isa = PBXBuildFile; fileRef = 586EEA631856DDFA00A5D3A5 /* createaccount.m */; };
		586EEA671856DE4100A5D3A5 /* MBProgressHUD.m in Sources */ = {isa = PBXBuildFile; fileRef = 586EEA661856DE4100A5D3A5 /* MBProgressHUD.m */; };
		586EEA6B1856DEA400A5D3A5 /* Server.m in Sources */ = {isa = PBXBuildFile; fileRef = 586EEA6A1856DEA400A5D3A5 /* Server.m */; };
		586EEA6E1856DEB700A5D3A5 /* GameInvitations.m in Sources */ = {isa = PBXBuildFile; fileRef = 586EEA6D1856DEB700A5D3A5 /* GameInvitations.m */; };
		586EEA711856DEE400A5D3A5 /* GameRequest.m in Sources */ = {isa = PBXBuildFile; fileRef = 586EEA701856DEE400A5D3A5 /* GameRequest.m */; };
		586EEA741856DFB600A5D3A5 /* UserAccount.m in Sources */ = {isa = PBXBuildFile; fileRef = 586EEA731856DFB600A5D3A5 /* UserAccount.m */; };
		586EEA7F1856E28000A5D3A5 /* GameChat.m in Sources */ = {isa = PBXBuildFile; fileRef = 586EEA7E1856E28000A5D3A5 /* GameChat.m */; };
		586EEA821856E2DA00A5D3A5 /* SavedGames.m in Sources */ = {isa = PBXBuildFile; fileRef = 586EEA811856E2DA00A5D3A5 /* SavedGames.m */; };
		586EEA871856EBC500A5D3A5 /* FacebookSDK.framework in Frameworks */ = {isa = PBXBuildFile; fileRef = 586EEA861856EBC500A5D3A5 /* FacebookSDK.framework */; };
		58E8E104185625F900526640 /* CFNetwork.framework in Frameworks */ = {isa = PBXBuildFile; fileRef = 58E8E103185625F900526640 /* CFNetwork.framework */; };
		58E8E106185625FE00526640 /* Security.framework in Frameworks */ = {isa = PBXBuildFile; fileRef = 58E8E105185625FE00526640 /* Security.framework */; };
		58E8E1081856260900526640 /* libz.dylib in Frameworks */ = {isa = PBXBuildFile; fileRef = 58E8E1071856260900526640 /* libz.dylib */; };
		58E8E10A1856261000526640 /* libsqlite3.dylib in Frameworks */ = {isa = PBXBuildFile; fileRef = 58E8E1091856261000526640 /* libsqlite3.dylib */; };
		58E8E10C1856262700526640 /* SystemConfiguration.framework in Frameworks */ = {isa = PBXBuildFile; fileRef = 58E8E10B1856262700526640 /* SystemConfiguration.framework */; };
		58E8E10E1856263900526640 /* libxml2.dylib in Frameworks */ = {isa = PBXBuildFile; fileRef = 58E8E10D1856263900526640 /* libxml2.dylib */; };
		E7850D24185382C70076C518 /* Foundation.framework in Frameworks */ = {isa = PBXBuildFile; fileRef = E7850D23185382C70076C518 /* Foundation.framework */; };
		E7850D26185382C70076C518 /* CoreGraphics.framework in Frameworks */ = {isa = PBXBuildFile; fileRef = E7850D25185382C70076C518 /* CoreGraphics.framework */; };
		E7850D28185382C70076C518 /* UIKit.framework in Frameworks */ = {isa = PBXBuildFile; fileRef = E7850D27185382C70076C518 /* UIKit.framework */; };
		E7850D2E185382C70076C518 /* InfoPlist.strings in Resources */ = {isa = PBXBuildFile; fileRef = E7850D2C185382C70076C518 /* InfoPlist.strings */; };
		E7850D30185382C70076C518 /* main.m in Sources */ = {isa = PBXBuildFile; fileRef = E7850D2F185382C70076C518 /* main.m */; };
		E7850D34185382C70076C518 /* GSGAppDelegate.m in Sources */ = {isa = PBXBuildFile; fileRef = E7850D33185382C70076C518 /* GSGAppDelegate.m */; };
		E7850D3D185382C70076C518 /* GameViewController.m in Sources */ = {isa = PBXBuildFile; fileRef = E7850D3C185382C70076C518 /* GameViewController.m */; };
		E7850D3F185382C70076C518 /* Images.xcassets in Resources */ = {isa = PBXBuildFile; fileRef = E7850D3E185382C70076C518 /* Images.xcassets */; };
		E7850D46185382C80076C518 /* XCTest.framework in Frameworks */ = {isa = PBXBuildFile; fileRef = E7850D45185382C80076C518 /* XCTest.framework */; };
		E7850D47185382C80076C518 /* Foundation.framework in Frameworks */ = {isa = PBXBuildFile; fileRef = E7850D23185382C70076C518 /* Foundation.framework */; };
		E7850D48185382C80076C518 /* UIKit.framework in Frameworks */ = {isa = PBXBuildFile; fileRef = E7850D27185382C70076C518 /* UIKit.framework */; };
		E7850D50185382C80076C518 /* InfoPlist.strings in Resources */ = {isa = PBXBuildFile; fileRef = E7850D4E185382C80076C518 /* InfoPlist.strings */; };
		E7850D52185382C80076C518 /* BattleBoardsTests.m in Sources */ = {isa = PBXBuildFile; fileRef = E7850D51185382C80076C518 /* BattleBoardsTests.m */; };
		E7850D6918539DD40076C518 /* Player.m in Sources */ = {isa = PBXBuildFile; fileRef = E7850D6818539DD40076C518 /* Player.m */; };
		E7850D6C18539E2D0076C518 /* GridModel.m in Sources */ = {isa = PBXBuildFile; fileRef = E7850D6B18539E2D0076C518 /* GridModel.m */; };
		E7850D7218539E4C0076C518 /* GridCell.m in Sources */ = {isa = PBXBuildFile; fileRef = E7850D7018539E4C0076C518 /* GridCell.m */; };
		E7850D7618539EE90076C518 /* CouchCocoa.framework in Frameworks */ = {isa = PBXBuildFile; fileRef = E7850D7318539EE90076C518 /* CouchCocoa.framework */; };
		E7850D7818539EE90076C518 /* TouchDB.framework in Frameworks */ = {isa = PBXBuildFile; fileRef = E7850D7518539EE90076C518 /* TouchDB.framework */; };
		E7850D7B1853D2E20076C518 /* GridView.m in Sources */ = {isa = PBXBuildFile; fileRef = E7850D7A1853D2E20076C518 /* GridView.m */; };
		E7850D811854DB790076C518 /* CoordPoint.m in Sources */ = {isa = PBXBuildFile; fileRef = E7850D801854DB790076C518 /* CoordPoint.m */; };
		E7850D84185938E60076C518 /* GameInfo.m in Sources */ = {isa = PBXBuildFile; fileRef = E7850D83185938E60076C518 /* GameInfo.m */; };
/* End PBXBuildFile section */

/* Begin PBXContainerItemProxy section */
		E7850D49185382C80076C518 /* PBXContainerItemProxy */ = {
			isa = PBXContainerItemProxy;
			containerPortal = E7850D18185382C70076C518 /* Project object */;
			proxyType = 1;
			remoteGlobalIDString = E7850D1F185382C70076C518;
			remoteInfo = BattleBoards;
		};
/* End PBXContainerItemProxy section */

/* Begin PBXFileReference section */
		586EEA511856DCA100A5D3A5 /* MenuView.h */ = {isa = PBXFileReference; fileEncoding = 4; lastKnownFileType = sourcecode.c.h; path = MenuView.h; sourceTree = "<group>"; };
		586EEA521856DCA100A5D3A5 /* MenuView.m */ = {isa = PBXFileReference; fileEncoding = 4; lastKnownFileType = sourcecode.c.objc; path = MenuView.m; sourceTree = "<group>"; };
		586EEA531856DCA100A5D3A5 /* InvitationsViewController.h */ = {isa = PBXFileReference; fileEncoding = 4; lastKnownFileType = sourcecode.c.h; path = InvitationsViewController.h; sourceTree = "<group>"; };
		586EEA541856DCA100A5D3A5 /* InvitationsViewController.m */ = {isa = PBXFileReference; fileEncoding = 4; lastKnownFileType = sourcecode.c.objc; path = InvitationsViewController.m; sourceTree = "<group>"; };
		586EEA581856DDB100A5D3A5 /* GameView.xib */ = {isa = PBXFileReference; fileEncoding = 4; lastKnownFileType = file.xib; path = GameView.xib; sourceTree = "<group>"; };
		586EEA591856DDB100A5D3A5 /* MenuView.xib */ = {isa = PBXFileReference; fileEncoding = 4; lastKnownFileType = file.xib; path = MenuView.xib; sourceTree = "<group>"; };
		586EEA5A1856DDB100A5D3A5 /* CreateGameView.xib */ = {isa = PBXFileReference; fileEncoding = 4; lastKnownFileType = file.xib; path = CreateGameView.xib; sourceTree = "<group>"; };
		586EEA5B1856DDB100A5D3A5 /* InvitationsView.xib */ = {isa = PBXFileReference; fileEncoding = 4; lastKnownFileType = file.xib; path = InvitationsView.xib; sourceTree = "<group>"; };
		586EEA5C1856DDB100A5D3A5 /* InvitePopupScreen.xib */ = {isa = PBXFileReference; fileEncoding = 4; lastKnownFileType = file.xib; path = InvitePopupScreen.xib; sourceTree = "<group>"; };
		586EEA621856DDFA00A5D3A5 /* createaccount.h */ = {isa = PBXFileReference; fileEncoding = 4; lastKnownFileType = sourcecode.c.h; path = createaccount.h; sourceTree = "<group>"; };
		586EEA631856DDFA00A5D3A5 /* createaccount.m */ = {isa = PBXFileReference; fileEncoding = 4; lastKnownFileType = sourcecode.c.objc; path = createaccount.m; sourceTree = "<group>"; };
		586EEA651856DE4100A5D3A5 /* MBProgressHUD.h */ = {isa = PBXFileReference; fileEncoding = 4; lastKnownFileType = sourcecode.c.h; path = MBProgressHUD.h; sourceTree = "<group>"; };
		586EEA661856DE4100A5D3A5 /* MBProgressHUD.m */ = {isa = PBXFileReference; fileEncoding = 4; lastKnownFileType = sourcecode.c.objc; path = MBProgressHUD.m; sourceTree = "<group>"; };
		586EEA691856DEA400A5D3A5 /* Server.h */ = {isa = PBXFileReference; fileEncoding = 4; lastKnownFileType = sourcecode.c.h; path = Server.h; sourceTree = "<group>"; };
		586EEA6A1856DEA400A5D3A5 /* Server.m */ = {isa = PBXFileReference; fileEncoding = 4; lastKnownFileType = sourcecode.c.objc; path = Server.m; sourceTree = "<group>"; };
		586EEA6C1856DEB700A5D3A5 /* GameInvitations.h */ = {isa = PBXFileReference; fileEncoding = 4; lastKnownFileType = sourcecode.c.h; path = GameInvitations.h; sourceTree = "<group>"; };
		586EEA6D1856DEB700A5D3A5 /* GameInvitations.m */ = {isa = PBXFileReference; fileEncoding = 4; lastKnownFileType = sourcecode.c.objc; path = GameInvitations.m; sourceTree = "<group>"; };
		586EEA6F1856DEE400A5D3A5 /* GameRequest.h */ = {isa = PBXFileReference; fileEncoding = 4; lastKnownFileType = sourcecode.c.h; path = GameRequest.h; sourceTree = "<group>"; };
		586EEA701856DEE400A5D3A5 /* GameRequest.m */ = {isa = PBXFileReference; fileEncoding = 4; lastKnownFileType = sourcecode.c.objc; path = GameRequest.m; sourceTree = "<group>"; };
		586EEA721856DFB600A5D3A5 /* UserAccount.h */ = {isa = PBXFileReference; fileEncoding = 4; lastKnownFileType = sourcecode.c.h; path = UserAccount.h; sourceTree = "<group>"; };
		586EEA731856DFB600A5D3A5 /* UserAccount.m */ = {isa = PBXFileReference; fileEncoding = 4; lastKnownFileType = sourcecode.c.objc; path = UserAccount.m; sourceTree = "<group>"; };
		586EEA7B1856E19600A5D3A5 /* Tags.h */ = {isa = PBXFileReference; fileEncoding = 4; lastKnownFileType = sourcecode.c.h; path = Tags.h; sourceTree = "<group>"; };
		586EEA7C1856E23700A5D3A5 /* DBDefs.h */ = {isa = PBXFileReference; fileEncoding = 4; lastKnownFileType = sourcecode.c.h; path = DBDefs.h; sourceTree = "<group>"; };
		586EEA7D1856E28000A5D3A5 /* GameChat.h */ = {isa = PBXFileReference; fileEncoding = 4; lastKnownFileType = sourcecode.c.h; path = GameChat.h; sourceTree = "<group>"; };
		586EEA7E1856E28000A5D3A5 /* GameChat.m */ = {isa = PBXFileReference; fileEncoding = 4; lastKnownFileType = sourcecode.c.objc; path = GameChat.m; sourceTree = "<group>"; };
		586EEA801856E2DA00A5D3A5 /* SavedGames.h */ = {isa = PBXFileReference; fileEncoding = 4; lastKnownFileType = sourcecode.c.h; path = SavedGames.h; sourceTree = "<group>"; };
		586EEA811856E2DA00A5D3A5 /* SavedGames.m */ = {isa = PBXFileReference; fileEncoding = 4; lastKnownFileType = sourcecode.c.objc; path = SavedGames.m; sourceTree = "<group>"; };
		586EEA861856EBC500A5D3A5 /* FacebookSDK.framework */ = {isa = PBXFileReference; lastKnownFileType = wrapper.framework; path = FacebookSDK.framework; sourceTree = "<group>"; };
		58E8E103185625F900526640 /* CFNetwork.framework */ = {isa = PBXFileReference; lastKnownFileType = wrapper.framework; name = CFNetwork.framework; path = System/Library/Frameworks/CFNetwork.framework; sourceTree = SDKROOT; };
		58E8E105185625FE00526640 /* Security.framework */ = {isa = PBXFileReference; lastKnownFileType = wrapper.framework; name = Security.framework; path = System/Library/Frameworks/Security.framework; sourceTree = SDKROOT; };
		58E8E1071856260900526640 /* libz.dylib */ = {isa = PBXFileReference; lastKnownFileType = "compiled.mach-o.dylib"; name = libz.dylib; path = usr/lib/libz.dylib; sourceTree = SDKROOT; };
		58E8E1091856261000526640 /* libsqlite3.dylib */ = {isa = PBXFileReference; lastKnownFileType = "compiled.mach-o.dylib"; name = libsqlite3.dylib; path = usr/lib/libsqlite3.dylib; sourceTree = SDKROOT; };
		58E8E10B1856262700526640 /* SystemConfiguration.framework */ = {isa = PBXFileReference; lastKnownFileType = wrapper.framework; name = SystemConfiguration.framework; path = System/Library/Frameworks/SystemConfiguration.framework; sourceTree = SDKROOT; };
		58E8E10D1856263900526640 /* libxml2.dylib */ = {isa = PBXFileReference; lastKnownFileType = "compiled.mach-o.dylib"; name = libxml2.dylib; path = usr/lib/libxml2.dylib; sourceTree = SDKROOT; };
		E7850D20185382C70076C518 /* BattleBoards.app */ = {isa = PBXFileReference; explicitFileType = wrapper.application; includeInIndex = 0; path = BattleBoards.app; sourceTree = BUILT_PRODUCTS_DIR; };
		E7850D23185382C70076C518 /* Foundation.framework */ = {isa = PBXFileReference; lastKnownFileType = wrapper.framework; name = Foundation.framework; path = System/Library/Frameworks/Foundation.framework; sourceTree = SDKROOT; };
		E7850D25185382C70076C518 /* CoreGraphics.framework */ = {isa = PBXFileReference; lastKnownFileType = wrapper.framework; name = CoreGraphics.framework; path = System/Library/Frameworks/CoreGraphics.framework; sourceTree = SDKROOT; };
		E7850D27185382C70076C518 /* UIKit.framework */ = {isa = PBXFileReference; lastKnownFileType = wrapper.framework; name = UIKit.framework; path = System/Library/Frameworks/UIKit.framework; sourceTree = SDKROOT; };
		E7850D2B185382C70076C518 /* BattleBoards-Info.plist */ = {isa = PBXFileReference; lastKnownFileType = text.plist.xml; path = "BattleBoards-Info.plist"; sourceTree = "<group>"; };
		E7850D2D185382C70076C518 /* en */ = {isa = PBXFileReference; lastKnownFileType = text.plist.strings; name = en; path = en.lproj/InfoPlist.strings; sourceTree = "<group>"; };
		E7850D2F185382C70076C518 /* main.m */ = {isa = PBXFileReference; lastKnownFileType = sourcecode.c.objc; path = main.m; sourceTree = "<group>"; };
		E7850D31185382C70076C518 /* BattleBoards-Prefix.pch */ = {isa = PBXFileReference; lastKnownFileType = sourcecode.c.h; path = "BattleBoards-Prefix.pch"; sourceTree = "<group>"; };
		E7850D32185382C70076C518 /* GSGAppDelegate.h */ = {isa = PBXFileReference; lastKnownFileType = sourcecode.c.h; path = GSGAppDelegate.h; sourceTree = "<group>"; };
		E7850D33185382C70076C518 /* GSGAppDelegate.m */ = {isa = PBXFileReference; lastKnownFileType = sourcecode.c.objc; path = GSGAppDelegate.m; sourceTree = "<group>"; };
		E7850D3B185382C70076C518 /* GameViewController.h */ = {isa = PBXFileReference; lastKnownFileType = sourcecode.c.h; path = GameViewController.h; sourceTree = "<group>"; };
		E7850D3C185382C70076C518 /* GameViewController.m */ = {isa = PBXFileReference; lastKnownFileType = sourcecode.c.objc; path = GameViewController.m; sourceTree = "<group>"; };
		E7850D3E185382C70076C518 /* Images.xcassets */ = {isa = PBXFileReference; lastKnownFileType = folder.assetcatalog; path = Images.xcassets; sourceTree = "<group>"; };
		E7850D44185382C80076C518 /* BattleBoardsTests.xctest */ = {isa = PBXFileReference; explicitFileType = wrapper.cfbundle; includeInIndex = 0; path = BattleBoardsTests.xctest; sourceTree = BUILT_PRODUCTS_DIR; };
		E7850D45185382C80076C518 /* XCTest.framework */ = {isa = PBXFileReference; lastKnownFileType = wrapper.framework; name = XCTest.framework; path = Library/Frameworks/XCTest.framework; sourceTree = DEVELOPER_DIR; };
		E7850D4D185382C80076C518 /* BattleBoardsTests-Info.plist */ = {isa = PBXFileReference; lastKnownFileType = text.plist.xml; path = "BattleBoardsTests-Info.plist"; sourceTree = "<group>"; };
		E7850D4F185382C80076C518 /* en */ = {isa = PBXFileReference; lastKnownFileType = text.plist.strings; name = en; path = en.lproj/InfoPlist.strings; sourceTree = "<group>"; };
		E7850D51185382C80076C518 /* BattleBoardsTests.m */ = {isa = PBXFileReference; lastKnownFileType = sourcecode.c.objc; path = BattleBoardsTests.m; sourceTree = "<group>"; };
		E7850D6718539DD40076C518 /* Player.h */ = {isa = PBXFileReference; fileEncoding = 4; lastKnownFileType = sourcecode.c.h; name = Player.h; path = Model/Player.h; sourceTree = "<group>"; };
		E7850D6818539DD40076C518 /* Player.m */ = {isa = PBXFileReference; fileEncoding = 4; lastKnownFileType = sourcecode.c.objc; name = Player.m; path = Model/Player.m; sourceTree = "<group>"; };
		E7850D6A18539E2D0076C518 /* GridModel.h */ = {isa = PBXFileReference; fileEncoding = 4; lastKnownFileType = sourcecode.c.h; name = GridModel.h; path = Model/GridModel.h; sourceTree = "<group>"; };
		E7850D6B18539E2D0076C518 /* GridModel.m */ = {isa = PBXFileReference; fileEncoding = 4; lastKnownFileType = sourcecode.c.objc; name = GridModel.m; path = Model/GridModel.m; sourceTree = "<group>"; };
		E7850D6F18539E4C0076C518 /* GridCell.h */ = {isa = PBXFileReference; fileEncoding = 4; lastKnownFileType = sourcecode.c.h; name = GridCell.h; path = Views/GridCell.h; sourceTree = "<group>"; };
		E7850D7018539E4C0076C518 /* GridCell.m */ = {isa = PBXFileReference; fileEncoding = 4; lastKnownFileType = sourcecode.c.objc; name = GridCell.m; path = Views/GridCell.m; sourceTree = "<group>"; };
		E7850D7318539EE90076C518 /* CouchCocoa.framework */ = {isa = PBXFileReference; lastKnownFileType = wrapper.framework; path = CouchCocoa.framework; sourceTree = "<group>"; };
		E7850D7518539EE90076C518 /* TouchDB.framework */ = {isa = PBXFileReference; lastKnownFileType = wrapper.framework; path = TouchDB.framework; sourceTree = "<group>"; };
		E7850D791853D2E20076C518 /* GridView.h */ = {isa = PBXFileReference; fileEncoding = 4; lastKnownFileType = sourcecode.c.h; name = GridView.h; path = Views/GridView.h; sourceTree = "<group>"; };
		E7850D7A1853D2E20076C518 /* GridView.m */ = {isa = PBXFileReference; fileEncoding = 4; lastKnownFileType = sourcecode.c.objc; name = GridView.m; path = Views/GridView.m; sourceTree = "<group>"; };
		E7850D7C1853E0010076C518 /* CellValue.h */ = {isa = PBXFileReference; fileEncoding = 4; lastKnownFileType = sourcecode.c.h; name = CellValue.h; path = Model/CellValue.h; sourceTree = "<group>"; };
		E7850D7F1854DB790076C518 /* CoordPoint.h */ = {isa = PBXFileReference; fileEncoding = 4; lastKnownFileType = sourcecode.c.h; name = CoordPoint.h; path = Model/CoordPoint.h; sourceTree = "<group>"; };
		E7850D801854DB790076C518 /* CoordPoint.m */ = {isa = PBXFileReference; fileEncoding = 4; lastKnownFileType = sourcecode.c.objc; name = CoordPoint.m; path = Model/CoordPoint.m; sourceTree = "<group>"; };
		E7850D82185938E60076C518 /* GameInfo.h */ = {isa = PBXFileReference; fileEncoding = 4; lastKnownFileType = sourcecode.c.h; path = GameInfo.h; sourceTree = "<group>"; };
		E7850D83185938E60076C518 /* GameInfo.m */ = {isa = PBXFileReference; fileEncoding = 4; lastKnownFileType = sourcecode.c.objc; path = GameInfo.m; sourceTree = "<group>"; };
/* End PBXFileReference section */

/* Begin PBXFrameworksBuildPhase section */
		E7850D1D185382C70076C518 /* Frameworks */ = {
			isa = PBXFrameworksBuildPhase;
			buildActionMask = 2147483647;
			files = (
				58E8E104185625F900526640 /* CFNetwork.framework in Frameworks */,
				58E8E10E1856263900526640 /* libxml2.dylib in Frameworks */,
				58E8E10C1856262700526640 /* SystemConfiguration.framework in Frameworks */,
				58E8E10A1856261000526640 /* libsqlite3.dylib in Frameworks */,
				58E8E1081856260900526640 /* libz.dylib in Frameworks */,
				586EEA871856EBC500A5D3A5 /* FacebookSDK.framework in Frameworks */,
				58E8E106185625FE00526640 /* Security.framework in Frameworks */,
				E7850D7618539EE90076C518 /* CouchCocoa.framework in Frameworks */,
				E7850D7818539EE90076C518 /* TouchDB.framework in Frameworks */,
				E7850D26185382C70076C518 /* CoreGraphics.framework in Frameworks */,
				E7850D28185382C70076C518 /* UIKit.framework in Frameworks */,
				E7850D24185382C70076C518 /* Foundation.framework in Frameworks */,
			);
			runOnlyForDeploymentPostprocessing = 0;
		};
		E7850D41185382C80076C518 /* Frameworks */ = {
			isa = PBXFrameworksBuildPhase;
			buildActionMask = 2147483647;
			files = (
				E7850D46185382C80076C518 /* XCTest.framework in Frameworks */,
				E7850D48185382C80076C518 /* UIKit.framework in Frameworks */,
				E7850D47185382C80076C518 /* Foundation.framework in Frameworks */,
			);
			runOnlyForDeploymentPostprocessing = 0;
		};
/* End PBXFrameworksBuildPhase section */

/* Begin PBXGroup section */
		586EEA571856DDA700A5D3A5 /* Views XIBS */ = {
			isa = PBXGroup;
			children = (
				586EEA581856DDB100A5D3A5 /* GameView.xib */,
				586EEA591856DDB100A5D3A5 /* MenuView.xib */,
				586EEA5A1856DDB100A5D3A5 /* CreateGameView.xib */,
				586EEA5B1856DDB100A5D3A5 /* InvitationsView.xib */,
				586EEA5C1856DDB100A5D3A5 /* InvitePopupScreen.xib */,
			);
			name = "Views XIBS";
			sourceTree = "<group>";
		};
		586EEA681856DE9A00A5D3A5 /* Server & DB */ = {
			isa = PBXGroup;
			children = (
				586EEA7C1856E23700A5D3A5 /* DBDefs.h */,
				586EEA691856DEA400A5D3A5 /* Server.h */,
				586EEA6A1856DEA400A5D3A5 /* Server.m */,
			);
			name = "Server & DB";
			sourceTree = "<group>";
		};
		586EEA881857323E00A5D3A5 /* Server Com Related */ = {
			isa = PBXGroup;
			children = (
				E7850D82185938E60076C518 /* GameInfo.h */,
				E7850D83185938E60076C518 /* GameInfo.m */,
				586EEA801856E2DA00A5D3A5 /* SavedGames.h */,
				586EEA811856E2DA00A5D3A5 /* SavedGames.m */,
				586EEA7D1856E28000A5D3A5 /* GameChat.h */,
				586EEA7E1856E28000A5D3A5 /* GameChat.m */,
				586EEA721856DFB600A5D3A5 /* UserAccount.h */,
				586EEA731856DFB600A5D3A5 /* UserAccount.m */,
				586EEA6C1856DEB700A5D3A5 /* GameInvitations.h */,
				586EEA6D1856DEB700A5D3A5 /* GameInvitations.m */,
				586EEA6F1856DEE400A5D3A5 /* GameRequest.h */,
				586EEA701856DEE400A5D3A5 /* GameRequest.m */,
			);
			name = "Server Com Related";
			sourceTree = "<group>";
		};
		E7850D17185382C70076C518 = {
			isa = PBXGroup;
			children = (
				E7850D29185382C70076C518 /* BattleBoards */,
				E7850D4B185382C80076C518 /* BattleBoardsTests */,
				E7850D22185382C70076C518 /* Frameworks */,
				E7850D21185382C70076C518 /* Products */,
			);
			sourceTree = "<group>";
		};
		E7850D21185382C70076C518 /* Products */ = {
			isa = PBXGroup;
			children = (
				E7850D20185382C70076C518 /* BattleBoards.app */,
				E7850D44185382C80076C518 /* BattleBoardsTests.xctest */,
			);
			name = Products;
			sourceTree = "<group>";
		};
		E7850D22185382C70076C518 /* Frameworks */ = {
			isa = PBXGroup;
			children = (
				586EEA861856EBC500A5D3A5 /* FacebookSDK.framework */,
				58E8E10D1856263900526640 /* libxml2.dylib */,
				58E8E10B1856262700526640 /* SystemConfiguration.framework */,
				58E8E1091856261000526640 /* libsqlite3.dylib */,
				58E8E1071856260900526640 /* libz.dylib */,
				58E8E105185625FE00526640 /* Security.framework */,
				58E8E103185625F900526640 /* CFNetwork.framework */,
				E7850D7318539EE90076C518 /* CouchCocoa.framework */,
				E7850D7518539EE90076C518 /* TouchDB.framework */,
				E7850D23185382C70076C518 /* Foundation.framework */,
				E7850D25185382C70076C518 /* CoreGraphics.framework */,
				E7850D27185382C70076C518 /* UIKit.framework */,
				E7850D45185382C80076C518 /* XCTest.framework */,
			);
			name = Frameworks;
			sourceTree = "<group>";
		};
		E7850D29185382C70076C518 /* BattleBoards */ = {
			isa = PBXGroup;
			children = (
				586EEA681856DE9A00A5D3A5 /* Server & DB */,
				586EEA571856DDA700A5D3A5 /* Views XIBS */,
				E7850D6318539D840076C518 /* Views */,
				E7850D5C18539C000076C518 /* ViewControllers */,
				E7850D5B18539BF70076C518 /* Model */,
				E7850D32185382C70076C518 /* GSGAppDelegate.h */,
				E7850D33185382C70076C518 /* GSGAppDelegate.m */,
				E7850D3E185382C70076C518 /* Images.xcassets */,
				E7850D2A185382C70076C518 /* Supporting Files */,
			);
			path = BattleBoards;
			sourceTree = "<group>";
		};
		E7850D2A185382C70076C518 /* Supporting Files */ = {
			isa = PBXGroup;
			children = (
				586EEA651856DE4100A5D3A5 /* MBProgressHUD.h */,
				586EEA661856DE4100A5D3A5 /* MBProgressHUD.m */,
				E7850D2B185382C70076C518 /* BattleBoards-Info.plist */,
				E7850D2C185382C70076C518 /* InfoPlist.strings */,
				E7850D2F185382C70076C518 /* main.m */,
				E7850D31185382C70076C518 /* BattleBoards-Prefix.pch */,
			);
			name = "Supporting Files";
			sourceTree = "<group>";
		};
		E7850D4B185382C80076C518 /* BattleBoardsTests */ = {
			isa = PBXGroup;
			children = (
				E7850D51185382C80076C518 /* BattleBoardsTests.m */,
				E7850D4C185382C80076C518 /* Supporting Files */,
			);
			path = BattleBoardsTests;
			sourceTree = "<group>";
		};
		E7850D4C185382C80076C518 /* Supporting Files */ = {
			isa = PBXGroup;
			children = (
				E7850D4D185382C80076C518 /* BattleBoardsTests-Info.plist */,
				E7850D4E185382C80076C518 /* InfoPlist.strings */,
			);
			name = "Supporting Files";
			sourceTree = "<group>";
		};
		E7850D5B18539BF70076C518 /* Model */ = {
			isa = PBXGroup;
			children = (
				586EEA881857323E00A5D3A5 /* Server Com Related */,
				E7850D6A18539E2D0076C518 /* GridModel.h */,
				E7850D6B18539E2D0076C518 /* GridModel.m */,
				E7850D6718539DD40076C518 /* Player.h */,
				E7850D6818539DD40076C518 /* Player.m */,
				E7850D7C1853E0010076C518 /* CellValue.h */,
				E7850D7F1854DB790076C518 /* CoordPoint.h */,
				E7850D801854DB790076C518 /* CoordPoint.m */,
			);
			name = Model;
			sourceTree = "<group>";
		};
		E7850D5C18539C000076C518 /* ViewControllers */ = {
			isa = PBXGroup;
			children = (
				586EEA511856DCA100A5D3A5 /* MenuView.h */,
				586EEA521856DCA100A5D3A5 /* MenuView.m */,
				586EEA621856DDFA00A5D3A5 /* createaccount.h */,
				586EEA631856DDFA00A5D3A5 /* createaccount.m */,
				586EEA531856DCA100A5D3A5 /* InvitationsViewController.h */,
				586EEA541856DCA100A5D3A5 /* InvitationsViewController.m */,
				E7850D3B185382C70076C518 /* GameViewController.h */,
				E7850D3C185382C70076C518 /* GameViewController.m */,
				586EEA7B1856E19600A5D3A5 /* Tags.h */,
			);
			name = ViewControllers;
			sourceTree = "<group>";
		};
		E7850D6318539D840076C518 /* Views */ = {
			isa = PBXGroup;
			children = (
				E7850D6F18539E4C0076C518 /* GridCell.h */,
				E7850D7018539E4C0076C518 /* GridCell.m */,
				E7850D791853D2E20076C518 /* GridView.h */,
				E7850D7A1853D2E20076C518 /* GridView.m */,
			);
			name = Views;
			sourceTree = "<group>";
		};
/* End PBXGroup section */

/* Begin PBXNativeTarget section */
		E7850D1F185382C70076C518 /* BattleBoards */ = {
			isa = PBXNativeTarget;
			buildConfigurationList = E7850D55185382C80076C518 /* Build configuration list for PBXNativeTarget "BattleBoards" */;
			buildPhases = (
				E7850D1C185382C70076C518 /* Sources */,
				E7850D1D185382C70076C518 /* Frameworks */,
				E7850D1E185382C70076C518 /* Resources */,
			);
			buildRules = (
			);
			dependencies = (
			);
			name = BattleBoards;
			productName = BattleBoards;
			productReference = E7850D20185382C70076C518 /* BattleBoards.app */;
			productType = "com.apple.product-type.application";
		};
		E7850D43185382C80076C518 /* BattleBoardsTests */ = {
			isa = PBXNativeTarget;
			buildConfigurationList = E7850D58185382C80076C518 /* Build configuration list for PBXNativeTarget "BattleBoardsTests" */;
			buildPhases = (
				E7850D40185382C80076C518 /* Sources */,
				E7850D41185382C80076C518 /* Frameworks */,
				E7850D42185382C80076C518 /* Resources */,
			);
			buildRules = (
			);
			dependencies = (
				E7850D4A185382C80076C518 /* PBXTargetDependency */,
			);
			name = BattleBoardsTests;
			productName = BattleBoardsTests;
			productReference = E7850D44185382C80076C518 /* BattleBoardsTests.xctest */;
			productType = "com.apple.product-type.bundle.unit-test";
		};
/* End PBXNativeTarget section */

/* Begin PBXProject section */
		E7850D18185382C70076C518 /* Project object */ = {
			isa = PBXProject;
			attributes = {
				CLASSPREFIX = GSG;
				LastUpgradeCheck = 0500;
				ORGANIZATIONNAME = GutShotGames;
				TargetAttributes = {
					E7850D43185382C80076C518 = {
						TestTargetID = E7850D1F185382C70076C518;
					};
				};
			};
			buildConfigurationList = E7850D1B185382C70076C518 /* Build configuration list for PBXProject "BattleBoards" */;
			compatibilityVersion = "Xcode 3.2";
			developmentRegion = English;
			hasScannedForEncodings = 0;
			knownRegions = (
				en,
				Base,
			);
			mainGroup = E7850D17185382C70076C518;
			productRefGroup = E7850D21185382C70076C518 /* Products */;
			projectDirPath = "";
			projectRoot = "";
			targets = (
				E7850D1F185382C70076C518 /* BattleBoards */,
				E7850D43185382C80076C518 /* BattleBoardsTests */,
			);
		};
/* End PBXProject section */

/* Begin PBXResourcesBuildPhase section */
		E7850D1E185382C70076C518 /* Resources */ = {
			isa = PBXResourcesBuildPhase;
			buildActionMask = 2147483647;
			files = (
				586EEA5F1856DDB100A5D3A5 /* CreateGameView.xib in Resources */,
				586EEA5D1856DDB100A5D3A5 /* GameView.xib in Resources */,
				586EEA5E1856DDB100A5D3A5 /* MenuView.xib in Resources */,
				586EEA611856DDB100A5D3A5 /* InvitePopupScreen.xib in Resources */,
				E7850D3F185382C70076C518 /* Images.xcassets in Resources */,
				E7850D2E185382C70076C518 /* InfoPlist.strings in Resources */,
				586EEA601856DDB100A5D3A5 /* InvitationsView.xib in Resources */,
			);
			runOnlyForDeploymentPostprocessing = 0;
		};
		E7850D42185382C80076C518 /* Resources */ = {
			isa = PBXResourcesBuildPhase;
			buildActionMask = 2147483647;
			files = (
				E7850D50185382C80076C518 /* InfoPlist.strings in Resources */,
			);
			runOnlyForDeploymentPostprocessing = 0;
		};
/* End PBXResourcesBuildPhase section */

/* Begin PBXSourcesBuildPhase section */
		E7850D1C185382C70076C518 /* Sources */ = {
			isa = PBXSourcesBuildPhase;
			buildActionMask = 2147483647;
			files = (
				E7850D811854DB790076C518 /* CoordPoint.m in Sources */,
				E7850D84185938E60076C518 /* GameInfo.m in Sources */,
				586EEA6B1856DEA400A5D3A5 /* Server.m in Sources */,
				586EEA641856DDFA00A5D3A5 /* createaccount.m in Sources */,
				E7850D3D185382C70076C518 /* GameViewController.m in Sources */,
				586EEA741856DFB600A5D3A5 /* UserAccount.m in Sources */,
				586EEA6E1856DEB700A5D3A5 /* GameInvitations.m in Sources */,
				586EEA711856DEE400A5D3A5 /* GameRequest.m in Sources */,
				586EEA551856DCA100A5D3A5 /* MenuView.m in Sources */,
				586EEA561856DCA100A5D3A5 /* InvitationsViewController.m in Sources */,
				586EEA821856E2DA00A5D3A5 /* SavedGames.m in Sources */,
				E7850D34185382C70076C518 /* GSGAppDelegate.m in Sources */,
				E7850D7B1853D2E20076C518 /* GridView.m in Sources */,
				586EEA671856DE4100A5D3A5 /* MBProgressHUD.m in Sources */,
				586EEA7F1856E28000A5D3A5 /* GameChat.m in Sources */,
				E7850D30185382C70076C518 /* main.m in Sources */,
				E7850D7218539E4C0076C518 /* GridCell.m in Sources */,
				E7850D6918539DD40076C518 /* Player.m in Sources */,
				E7850D6C18539E2D0076C518 /* GridModel.m in Sources */,
			);
			runOnlyForDeploymentPostprocessing = 0;
		};
		E7850D40185382C80076C518 /* Sources */ = {
			isa = PBXSourcesBuildPhase;
			buildActionMask = 2147483647;
			files = (
				E7850D52185382C80076C518 /* BattleBoardsTests.m in Sources */,
			);
			runOnlyForDeploymentPostprocessing = 0;
		};
/* End PBXSourcesBuildPhase section */

/* Begin PBXTargetDependency section */
		E7850D4A185382C80076C518 /* PBXTargetDependency */ = {
			isa = PBXTargetDependency;
			target = E7850D1F185382C70076C518 /* BattleBoards */;
			targetProxy = E7850D49185382C80076C518 /* PBXContainerItemProxy */;
		};
/* End PBXTargetDependency section */

/* Begin PBXVariantGroup section */
		E7850D2C185382C70076C518 /* InfoPlist.strings */ = {
			isa = PBXVariantGroup;
			children = (
				E7850D2D185382C70076C518 /* en */,
			);
			name = InfoPlist.strings;
			sourceTree = "<group>";
		};
		E7850D4E185382C80076C518 /* InfoPlist.strings */ = {
			isa = PBXVariantGroup;
			children = (
				E7850D4F185382C80076C518 /* en */,
			);
			name = InfoPlist.strings;
			sourceTree = "<group>";
		};
/* End PBXVariantGroup section */

/* Begin XCBuildConfiguration section */
		E7850D53185382C80076C518 /* Debug */ = {
			isa = XCBuildConfiguration;
			buildSettings = {
				ALWAYS_SEARCH_USER_PATHS = NO;
				ARCHS = "$(ARCHS_STANDARD_INCLUDING_64_BIT)";
				CLANG_CXX_LANGUAGE_STANDARD = "gnu++0x";
				CLANG_CXX_LIBRARY = "libc++";
				CLANG_ENABLE_MODULES = YES;
				CLANG_ENABLE_OBJC_ARC = YES;
				CLANG_WARN_BOOL_CONVERSION = YES;
				CLANG_WARN_CONSTANT_CONVERSION = YES;
				CLANG_WARN_DIRECT_OBJC_ISA_USAGE = YES_ERROR;
				CLANG_WARN_EMPTY_BODY = YES;
				CLANG_WARN_ENUM_CONVERSION = YES;
				CLANG_WARN_INT_CONVERSION = YES;
				CLANG_WARN_OBJC_ROOT_CLASS = YES_ERROR;
				CLANG_WARN__DUPLICATE_METHOD_MATCH = YES;
				"CODE_SIGN_IDENTITY[sdk=iphoneos*]" = "iPhone Developer";
				COPY_PHASE_STRIP = NO;
				GCC_C_LANGUAGE_STANDARD = gnu99;
				GCC_DYNAMIC_NO_PIC = NO;
				GCC_OPTIMIZATION_LEVEL = 0;
				GCC_PREPROCESSOR_DEFINITIONS = (
					"DEBUG=1",
					"$(inherited)",
				);
				GCC_SYMBOLS_PRIVATE_EXTERN = NO;
				GCC_WARN_64_TO_32_BIT_CONVERSION = YES;
				GCC_WARN_ABOUT_RETURN_TYPE = YES_ERROR;
				GCC_WARN_UNDECLARED_SELECTOR = YES;
				GCC_WARN_UNINITIALIZED_AUTOS = YES;
				GCC_WARN_UNUSED_FUNCTION = YES;
				GCC_WARN_UNUSED_VARIABLE = YES;
				IPHONEOS_DEPLOYMENT_TARGET = 7.0;
				ONLY_ACTIVE_ARCH = YES;
				SDKROOT = iphoneos;
				TARGETED_DEVICE_FAMILY = "1,2";
			};
			name = Debug;
		};
		E7850D54185382C80076C518 /* Release */ = {
			isa = XCBuildConfiguration;
			buildSettings = {
				ALWAYS_SEARCH_USER_PATHS = NO;
				ARCHS = "$(ARCHS_STANDARD_INCLUDING_64_BIT)";
				CLANG_CXX_LANGUAGE_STANDARD = "gnu++0x";
				CLANG_CXX_LIBRARY = "libc++";
				CLANG_ENABLE_MODULES = YES;
				CLANG_ENABLE_OBJC_ARC = YES;
				CLANG_WARN_BOOL_CONVERSION = YES;
				CLANG_WARN_CONSTANT_CONVERSION = YES;
				CLANG_WARN_DIRECT_OBJC_ISA_USAGE = YES_ERROR;
				CLANG_WARN_EMPTY_BODY = YES;
				CLANG_WARN_ENUM_CONVERSION = YES;
				CLANG_WARN_INT_CONVERSION = YES;
				CLANG_WARN_OBJC_ROOT_CLASS = YES_ERROR;
				CLANG_WARN__DUPLICATE_METHOD_MATCH = YES;
				"CODE_SIGN_IDENTITY[sdk=iphoneos*]" = "iPhone Developer";
				COPY_PHASE_STRIP = YES;
				ENABLE_NS_ASSERTIONS = NO;
				GCC_C_LANGUAGE_STANDARD = gnu99;
				GCC_WARN_64_TO_32_BIT_CONVERSION = YES;
				GCC_WARN_ABOUT_RETURN_TYPE = YES_ERROR;
				GCC_WARN_UNDECLARED_SELECTOR = YES;
				GCC_WARN_UNINITIALIZED_AUTOS = YES;
				GCC_WARN_UNUSED_FUNCTION = YES;
				GCC_WARN_UNUSED_VARIABLE = YES;
				IPHONEOS_DEPLOYMENT_TARGET = 7.0;
				SDKROOT = iphoneos;
				TARGETED_DEVICE_FAMILY = "1,2";
				VALIDATE_PRODUCT = YES;
			};
			name = Release;
		};
		E7850D56185382C80076C518 /* Debug */ = {
			isa = XCBuildConfiguration;
			buildSettings = {
				ALWAYS_SEARCH_USER_PATHS = YES;
				ARCHS = "$(ARCHS_STANDARD)";
				ASSETCATALOG_COMPILER_APPICON_NAME = AppIcon;
				ASSETCATALOG_COMPILER_LAUNCHIMAGE_NAME = LaunchImage;
				FRAMEWORK_SEARCH_PATHS = (
					"$(inherited)",
					"./**",
					"$(DEVELOPER_LIBRARY_DIR)/Frameworks",
					"$(DEVELOPER_LIBRARY_DIR)/Frameworks",
					"\\\"${DEVELOPER_LIBRARY_DIR}/Frameworks\\\"",
					/Users/dannywitters/Documents/gutshotgames/battleboards/BattleBoards,
				);
				GCC_PRECOMPILE_PREFIX_HEADER = YES;
				GCC_PREFIX_HEADER = "BattleBoards/BattleBoards-Prefix.pch";
				INFOPLIST_FILE = "BattleBoards/BattleBoards-Info.plist";
				IPHONEOS_DEPLOYMENT_TARGET = 6.1;
				ONLY_ACTIVE_ARCH = NO;
				OTHER_LDFLAGS = "-ObjC";
				PRODUCT_NAME = "$(TARGET_NAME)";
				VALID_ARCHS = "armv7 armv7s";
				WRAPPER_EXTENSION = app;
			};
			name = Debug;
		};
		E7850D57185382C80076C518 /* Release */ = {
			isa = XCBuildConfiguration;
			buildSettings = {
				ALWAYS_SEARCH_USER_PATHS = YES;
				ARCHS = "$(ARCHS_STANDARD)";
				ASSETCATALOG_COMPILER_APPICON_NAME = AppIcon;
				ASSETCATALOG_COMPILER_LAUNCHIMAGE_NAME = LaunchImage;
				FRAMEWORK_SEARCH_PATHS = (
					"$(inherited)",
					"./**",
					"$(DEVELOPER_LIBRARY_DIR)/Frameworks",
					"$(DEVELOPER_LIBRARY_DIR)/Frameworks",
					"\\\"${DEVELOPER_LIBRARY_DIR}/Frameworks\\\"",
					/Users/dannywitters/Documents/gutshotgames/battleboards/BattleBoards,
				);
				GCC_PRECOMPILE_PREFIX_HEADER = YES;
				GCC_PREFIX_HEADER = "BattleBoards/BattleBoards-Prefix.pch";
				INFOPLIST_FILE = "BattleBoards/BattleBoards-Info.plist";
				IPHONEOS_DEPLOYMENT_TARGET = 6.1;
				ONLY_ACTIVE_ARCH = NO;
				OTHER_LDFLAGS = "-ObjC";
				PRODUCT_NAME = "$(TARGET_NAME)";
				VALID_ARCHS = "armv7 armv7s";
				WRAPPER_EXTENSION = app;
			};
			name = Release;
		};
		E7850D59185382C80076C518 /* Debug */ = {
			isa = XCBuildConfiguration;
			buildSettings = {
				ARCHS = "$(ARCHS_STANDARD_INCLUDING_64_BIT)";
				BUNDLE_LOADER = "$(BUILT_PRODUCTS_DIR)/BattleBoards.app/BattleBoards";
				FRAMEWORK_SEARCH_PATHS = (
					"$(SDKROOT)/Developer/Library/Frameworks",
					"$(inherited)",
					"$(DEVELOPER_FRAMEWORKS_DIR)",
				);
				GCC_PRECOMPILE_PREFIX_HEADER = YES;
				GCC_PREFIX_HEADER = "BattleBoards/BattleBoards-Prefix.pch";
				GCC_PREPROCESSOR_DEFINITIONS = (
					"DEBUG=1",
					"$(inherited)",
				);
				INFOPLIST_FILE = "BattleBoardsTests/BattleBoardsTests-Info.plist";
				PRODUCT_NAME = "$(TARGET_NAME)";
				TEST_HOST = "$(BUNDLE_LOADER)";
				WRAPPER_EXTENSION = xctest;
			};
			name = Debug;
		};
		E7850D5A185382C80076C518 /* Release */ = {
			isa = XCBuildConfiguration;
			buildSettings = {
				ARCHS = "$(ARCHS_STANDARD_INCLUDING_64_BIT)";
				BUNDLE_LOADER = "$(BUILT_PRODUCTS_DIR)/BattleBoards.app/BattleBoards";
				FRAMEWORK_SEARCH_PATHS = (
					"$(SDKROOT)/Developer/Library/Frameworks",
					"$(inherited)",
					"$(DEVELOPER_FRAMEWORKS_DIR)",
				);
				GCC_PRECOMPILE_PREFIX_HEADER = YES;
				GCC_PREFIX_HEADER = "BattleBoards/BattleBoards-Prefix.pch";
				INFOPLIST_FILE = "BattleBoardsTests/BattleBoardsTests-Info.plist";
				PRODUCT_NAME = "$(TARGET_NAME)";
				TEST_HOST = "$(BUNDLE_LOADER)";
				WRAPPER_EXTENSION = xctest;
			};
			name = Release;
		};
/* End XCBuildConfiguration section */

/* Begin XCConfigurationList section */
		E7850D1B185382C70076C518 /* Build configuration list for PBXProject "BattleBoards" */ = {
			isa = XCConfigurationList;
			buildConfigurations = (
				E7850D53185382C80076C518 /* Debug */,
				E7850D54185382C80076C518 /* Release */,
			);
			defaultConfigurationIsVisible = 0;
			defaultConfigurationName = Release;
		};
		E7850D55185382C80076C518 /* Build configuration list for PBXNativeTarget "BattleBoards" */ = {
			isa = XCConfigurationList;
			buildConfigurations = (
				E7850D56185382C80076C518 /* Debug */,
				E7850D57185382C80076C518 /* Release */,
			);
			defaultConfigurationIsVisible = 0;
			defaultConfigurationName = Release;
		};
		E7850D58185382C80076C518 /* Build configuration list for PBXNativeTarget "BattleBoardsTests" */ = {
			isa = XCConfigurationList;
			buildConfigurations = (
				E7850D59185382C80076C518 /* Debug */,
				E7850D5A185382C80076C518 /* Release */,
			);
			defaultConfigurationIsVisible = 0;
			defaultConfigurationName = Release;
		};
/* End XCConfigurationList section */
	};
	rootObject = E7850D18185382C70076C518 /* Project object */;
}
